
Microsoft Visual Studio Solution File, Format Version 12.00
# Visual Studio 15
VisualStudioVersion = 15.0.27130.2010
MinimumVisualStudioVersion = 10.0.40219.1
Project("{2150E333-8FDC-42A3-9474-1A3956D46DE8}") = "Projects", "Projects", "{18627F70-7F7E-47BB-8E49-FA0F4A1C182C}"
EndProject
Project("{2150E333-8FDC-42A3-9474-1A3956D46DE8}") = "Mvc5", "Mvc5", "{B65120BD-626F-4696-9A00-BF82D4EB35A9}"
EndProject
Project("{FAE04EC0-301F-11D3-BF4B-00C04F79EFBC}") = "Repository.Pattern", "Repository.Pattern\Repository.Pattern.csproj", "{6E682A14-C872-4813-B620-76E108DEA683}"
EndProject
Project("{FAE04EC0-301F-11D3-BF4B-00C04F79EFBC}") = "Repository.Pattern.Ef6", "Repository.Pattern.Ef6\Repository.Pattern.Ef6.csproj", "{F68A1D19-93FB-47C1-A22B-42BEA3E4FD8C}"
EndProject
Project("{FAE04EC0-301F-11D3-BF4B-00C04F79EFBC}") = "Service.Pattern", "Service.Pattern\Service.Pattern.csproj", "{96608CDD-C8BD-407B-8C18-6A242350337D}"
EndProject
Project("{FAE04EC0-301F-11D3-BF4B-00C04F79EFBC}") = "Mvc5.CafeT.vn", "Mvc5.CafeT.vn\Mvc5.CafeT.vn.csproj", "{6979A1CE-1A76-4E5E-91AA-E06B97A88CC0}"
EndProject
Project("{FAE04EC0-301F-11D3-BF4B-00C04F79EFBC}") = "CafeT.BusinessObjects", "CafeT.BusinessObjects\CafeT.BusinessObjects.csproj", "{E3FA76C2-4533-463D-AAB5-17E5DD8269D3}"
EndProject
Project("{FAE04EC0-301F-11D3-BF4B-00C04F79EFBC}") = "CafeT.EF6.Objects", "CafeT.EF6.Objects\CafeT.EF6.Objects.csproj", "{8B0D379F-96DD-425F-9793-8DE51FDC8706}"
EndProject
Project("{FAE04EC0-301F-11D3-BF4B-00C04F79EFBC}") = "CafeT.Enumerable", "CafeT.Enumerable\CafeT.Enumerable.csproj", "{1214A9B7-70B8-4224-9FD1-12AA685A51B1}"
EndProject
Project("{FAE04EC0-301F-11D3-BF4B-00C04F79EFBC}") = "CafeT.Folders", "CafeT.Folders\CafeT.Folders.csproj", "{B4DC7A32-2A58-43E9-A346-9BEA81CB421A}"
EndProject
Project("{FAE04EC0-301F-11D3-BF4B-00C04F79EFBC}") = "CafeT.Html", "CafeT.Html\CafeT.Html.csproj", "{6F875B12-CE9C-46E4-A8B8-D8A1B0E2DFE2}"
EndProject
Project("{FAE04EC0-301F-11D3-BF4B-00C04F79EFBC}") = "CafeT.MathText", "CafeT.MathText\CafeT.MathText.csproj", "{D5C85E65-C9B8-4A74-8E1E-BC78FF2E1EEE}"
EndProject
Project("{FAE04EC0-301F-11D3-BF4B-00C04F79EFBC}") = "CafeT.Objects", "CafeT.Objects\CafeT.Objects.csproj", "{E9909E52-25BE-4F82-873B-DAF2EC30DE76}"
EndProject
Project("{FAE04EC0-301F-11D3-BF4B-00C04F79EFBC}") = "CafeT.SmartCrawler", "CafeT.SmartCrawler\CafeT.SmartCrawler.csproj", "{8C35908E-2C54-4D80-9146-902347EFE483}"
EndProject
Project("{FAE04EC0-301F-11D3-BF4B-00C04F79EFBC}") = "CafeT.SmartObjects", "CafeT.SmartObjects\CafeT.SmartObjects.csproj", "{6E57809C-FCFA-4818-9DF8-93162E451ED0}"
EndProject
Project("{FAE04EC0-301F-11D3-BF4B-00C04F79EFBC}") = "CafeT.Text", "CafeT.Text\CafeT.Text.csproj", "{5AB7261D-F74C-4853-BD70-4EB2239B89F9}"
EndProject
Project("{FAE04EC0-301F-11D3-BF4B-00C04F79EFBC}") = "CafeT.SmartFiles", "CafeT.SmartFiles\CafeT.SmartFiles.csproj", "{BAE3D064-EF4C-408F-8BA7-6D0D2A0079E1}"
EndProject
Project("{FAE04EC0-301F-11D3-BF4B-00C04F79EFBC}") = "CafeT.Writers", "CafeT.Writers\CafeT.Writers.csproj", "{BB07442C-89FF-48AA-B4A9-5413BE5D4D09}"
EndProject
Project("{FAE04EC0-301F-11D3-BF4B-00C04F79EFBC}") = "CafeT.Watchers", "CafeT.Watchers\CafeT.Watchers.csproj", "{75316B54-9639-4CA9-9159-252A8F8026E3}"
EndProject
Project("{2150E333-8FDC-42A3-9474-1A3956D46DE8}") = "Samples", "Samples", "{DEFDBC4E-422D-44F1-BE2E-ABDA5217AD1D}"
EndProject
Project("{2150E333-8FDC-42A3-9474-1A3956D46DE8}") = "NewFolder1", "NewFolder1", "{C2A6EEE4-9659-4C48-91AE-2C3D5694505E}"
EndProject
Project("{2150E333-8FDC-42A3-9474-1A3956D46DE8}") = "ChatBots", "ChatBots", "{881F30ED-5824-4C0E-A82B-E010D07BBAC9}"
EndProject
Project("{FAE04EC0-301F-11D3-BF4B-00C04F79EFBC}") = "MathBot", "Projects\ChatBots\MathBot\MathBot.csproj", "{B83A68D7-E702-4EDF-BEA7-843E5E318159}"
EndProject
Project("{FAE04EC0-301F-11D3-BF4B-00C04F79EFBC}") = "CafeT.Mathematics", "CafeT.Mathematics\CafeT.Mathematics.csproj", "{E84A5C35-66AB-40B4-8A06-7A2181BF4842}"
EndProject
Project("{FAE04EC0-301F-11D3-BF4B-00C04F79EFBC}") = "CafeT.Azures", "CafeT.Azures\CafeT.Azures.csproj", "{4ED680B8-F69E-4EF2-BC40-F41BF66204D5}"
EndProject
Project("{FAE04EC0-301F-11D3-BF4B-00C04F79EFBC}") = "TiTiBot", "Projects\ChatBots\TiTiBot\TiTiBot.csproj", "{D8A216AC-8FA5-4C91-A52A-7CE87BBD51FB}"
EndProject
Project("{FAE04EC0-301F-11D3-BF4B-00C04F79EFBC}") = "CafeT.GoogleServices", "Frameworks\CafeT.GoogleServices\CafeT.GoogleServices.csproj", "{89A91D2F-9EC5-4CBC-9FD2-508213D527D6}"
EndProject
Project("{FAE04EC0-301F-11D3-BF4B-00C04F79EFBC}") = "CafeT.BotMessages", "Frameworks\CafeT.BotMessages\CafeT.BotMessages.csproj", "{8C021486-80DF-4109-9A02-F4585F741613}"
EndProject
Project("{FAE04EC0-301F-11D3-BF4B-00C04F79EFBC}") = "CafeT.Frameworks.Ai.VnText", "Frameworks\CafeT.Frameworks.Ai.VnText\CafeT.Frameworks.Ai.VnText.csproj", "{31FBD1DF-2E11-4A52-A252-9A196AF18A86}"
EndProject
Project("{FAE04EC0-301F-11D3-BF4B-00C04F79EFBC}") = "Titi", "Projects\ChatBots\Titi\Titi.csproj", "{BEE73A73-0BD7-4EF8-8F90-7D22AD0CA57F}"
EndProject
Project("{FAE04EC0-301F-11D3-BF4B-00C04F79EFBC}") = "CafeT.Bots", "Frameworks\CafeT.Bots\CafeT.Bots.csproj", "{4EDC65BB-AA97-4E72-9427-B3B5F9D25598}"
EndProject
Project("{FAE04EC0-301F-11D3-BF4B-00C04F79EFBC}") = "Mvc5.WorkCard", "Projects\Mvc5\WorkCard\Mvc5.WorkCard.csproj", "{A27E3B94-82B7-41A7-8A20-D40D1FA380C0}"
EndProject
Project("{FAE04EC0-301F-11D3-BF4B-00C04F79EFBC}") = "CafeT.Networks", "Frameworks\CafeT.Networks\CafeT.Networks.csproj", "{A79C53E7-B191-4DBD-AD15-E3E7CF6E13DB}"
EndProject
Project("{FAE04EC0-301F-11D3-BF4B-00C04F79EFBC}") = "CafeT.Time", "Frameworks\CafeT.Time\CafeT.Time.csproj", "{67988C5A-E33C-4811-A316-69416EED5FBD}"
EndProject
Project("{FAE04EC0-301F-11D3-BF4B-00C04F79EFBC}") = "SmartTracking", "Projects\Mvc5\SmartTracking\SmartTracking.csproj", "{BD84FE5E-E551-4721-9F53-EDD1D3EF9E34}"
EndProject
Project("{FAE04EC0-301F-11D3-BF4B-00C04F79EFBC}") = "CafeT.Frameworks.Identity", "Frameworks\CafeT.Frameworks.Identity\CafeT.Frameworks.Identity.csproj", "{BFDE1694-7184-46CD-BD6A-9CBDC0D5BB04}"
EndProject
Project("{FAE04EC0-301F-11D3-BF4B-00C04F79EFBC}") = "CafeT.Frameworks.Services", "Frameworks\CafeT.Frameworks.Services\CafeT.Frameworks.Services.csproj", "{D6AEB44A-4E98-483F-87A1-2BA91599D8C6}"
EndProject
Project("{2150E333-8FDC-42A3-9474-1A3956D46DE8}") = "Frameworks", "Frameworks", "{DB268E05-7978-4A04-A33A-59C23506A730}"
EndProject
Project("{FAE04EC0-301F-11D3-BF4B-00C04F79EFBC}") = "CafeT.Frameworks.OneDrive", "Frameworks\CafeT.Frameworks.OneDrive\CafeT.Frameworks.OneDrive.csproj", "{130E07C6-6278-45BC-B6AA-90937E2264C2}"
EndProject
Project("{FAE04EC0-301F-11D3-BF4B-00C04F79EFBC}") = "CafeT.Crawlers", "CafeT.Crawlers\CafeT.Crawlers.csproj", "{FC9AEAD9-4BE3-46EC-82D4-F19B88BE3A94}"
EndProject
Project("{FAE04EC0-301F-11D3-BF4B-00C04F79EFBC}") = "CafeT.Translators", "CafeT.Translators\CafeT.Translators.csproj", "{A1BD551D-A4C6-4ED1-ACF4-399A7E57BEFC}"
EndProject
Project("{FAE04EC0-301F-11D3-BF4B-00C04F79EFBC}") = "CafeT.ViTextCounter", "CafeT.ViTextCounter\CafeT.ViTextCounter.csproj", "{4ABAB838-5B4E-486D-A0A0-4AD3D444558A}"
EndProject
Project("{FAE04EC0-301F-11D3-BF4B-00C04F79EFBC}") = "GoogleTest", "GoogleTest\GoogleTest.csproj", "{FA840AF6-F8F5-4099-A889-B5476AD60600}"
EndProject
Project("{FAE04EC0-301F-11D3-BF4B-00C04F79EFBC}") = "CafeT.GoogleManager", "CafeT.GoogleManager\CafeT.GoogleManager.csproj", "{3EA25F9D-2CE7-45A5-9D92-AA6D717EEE43}"
EndProject
Project("{FAE04EC0-301F-11D3-BF4B-00C04F79EFBC}") = "CafeT.Convertors", "CafeT.Convertors\CafeT.Convertors.csproj", "{1EB64E37-A23D-4631-8012-317AED2EB6DA}"
EndProject
Project("{FAE04EC0-301F-11D3-BF4B-00C04F79EFBC}") = "English4Kid", "English4Kid\English4Kid.csproj", "{E25F1760-A784-4EAE-8DD8-70B11D6E28FD}"
EndProject
Project("{FAE04EC0-301F-11D3-BF4B-00C04F79EFBC}") = "CafeT.Languages", "CafeT.Languages\CafeT.Languages.csproj", "{37A727A2-353C-42B5-B0EA-5D9F7B1FB76B}"
EndProject
Project("{FAE04EC0-301F-11D3-BF4B-00C04F79EFBC}") = "MathBot.Alpha", "MathBot.Alpha\MathBot.Alpha.csproj", "{9C4E85DD-4672-4CFA-A69C-9308970BB6A0}"
EndProject
Global
	GlobalSection(SolutionConfigurationPlatforms) = preSolution
		Debug|Any CPU = Debug|Any CPU
		Debug|ARM = Debug|ARM
		Debug|x64 = Debug|x64
		Debug|x86 = Debug|x86
		Release|Any CPU = Release|Any CPU
		Release|ARM = Release|ARM
		Release|x64 = Release|x64
		Release|x86 = Release|x86
	EndGlobalSection
	GlobalSection(ProjectConfigurationPlatforms) = postSolution
		{6E682A14-C872-4813-B620-76E108DEA683}.Debug|Any CPU.ActiveCfg = Debug|Any CPU
		{6E682A14-C872-4813-B620-76E108DEA683}.Debug|Any CPU.Build.0 = Debug|Any CPU
		{6E682A14-C872-4813-B620-76E108DEA683}.Debug|ARM.ActiveCfg = Debug|Any CPU
		{6E682A14-C872-4813-B620-76E108DEA683}.Debug|ARM.Build.0 = Debug|Any CPU
		{6E682A14-C872-4813-B620-76E108DEA683}.Debug|x64.ActiveCfg = Debug|Any CPU
		{6E682A14-C872-4813-B620-76E108DEA683}.Debug|x64.Build.0 = Debug|Any CPU
		{6E682A14-C872-4813-B620-76E108DEA683}.Debug|x86.ActiveCfg = Debug|x86
		{6E682A14-C872-4813-B620-76E108DEA683}.Debug|x86.Build.0 = Debug|x86
		{6E682A14-C872-4813-B620-76E108DEA683}.Release|Any CPU.ActiveCfg = Release|Any CPU
		{6E682A14-C872-4813-B620-76E108DEA683}.Release|Any CPU.Build.0 = Release|Any CPU
		{6E682A14-C872-4813-B620-76E108DEA683}.Release|ARM.ActiveCfg = Release|Any CPU
		{6E682A14-C872-4813-B620-76E108DEA683}.Release|ARM.Build.0 = Release|Any CPU
		{6E682A14-C872-4813-B620-76E108DEA683}.Release|x64.ActiveCfg = Release|Any CPU
		{6E682A14-C872-4813-B620-76E108DEA683}.Release|x64.Build.0 = Release|Any CPU
		{6E682A14-C872-4813-B620-76E108DEA683}.Release|x86.ActiveCfg = Release|x86
		{6E682A14-C872-4813-B620-76E108DEA683}.Release|x86.Build.0 = Release|x86
		{F68A1D19-93FB-47C1-A22B-42BEA3E4FD8C}.Debug|Any CPU.ActiveCfg = Debug|Any CPU
		{F68A1D19-93FB-47C1-A22B-42BEA3E4FD8C}.Debug|Any CPU.Build.0 = Debug|Any CPU
		{F68A1D19-93FB-47C1-A22B-42BEA3E4FD8C}.Debug|ARM.ActiveCfg = Debug|Any CPU
		{F68A1D19-93FB-47C1-A22B-42BEA3E4FD8C}.Debug|ARM.Build.0 = Debug|Any CPU
		{F68A1D19-93FB-47C1-A22B-42BEA3E4FD8C}.Debug|x64.ActiveCfg = Debug|Any CPU
		{F68A1D19-93FB-47C1-A22B-42BEA3E4FD8C}.Debug|x64.Build.0 = Debug|Any CPU
		{F68A1D19-93FB-47C1-A22B-42BEA3E4FD8C}.Debug|x86.ActiveCfg = Debug|Any CPU
		{F68A1D19-93FB-47C1-A22B-42BEA3E4FD8C}.Debug|x86.Build.0 = Debug|Any CPU
		{F68A1D19-93FB-47C1-A22B-42BEA3E4FD8C}.Release|Any CPU.ActiveCfg = Release|Any CPU
		{F68A1D19-93FB-47C1-A22B-42BEA3E4FD8C}.Release|Any CPU.Build.0 = Release|Any CPU
		{F68A1D19-93FB-47C1-A22B-42BEA3E4FD8C}.Release|ARM.ActiveCfg = Release|Any CPU
		{F68A1D19-93FB-47C1-A22B-42BEA3E4FD8C}.Release|ARM.Build.0 = Release|Any CPU
		{F68A1D19-93FB-47C1-A22B-42BEA3E4FD8C}.Release|x64.ActiveCfg = Release|Any CPU
		{F68A1D19-93FB-47C1-A22B-42BEA3E4FD8C}.Release|x64.Build.0 = Release|Any CPU
		{F68A1D19-93FB-47C1-A22B-42BEA3E4FD8C}.Release|x86.ActiveCfg = Release|Any CPU
		{F68A1D19-93FB-47C1-A22B-42BEA3E4FD8C}.Release|x86.Build.0 = Release|Any CPU
		{96608CDD-C8BD-407B-8C18-6A242350337D}.Debug|Any CPU.ActiveCfg = Debug|Any CPU
		{96608CDD-C8BD-407B-8C18-6A242350337D}.Debug|Any CPU.Build.0 = Debug|Any CPU
		{96608CDD-C8BD-407B-8C18-6A242350337D}.Debug|ARM.ActiveCfg = Debug|Any CPU
		{96608CDD-C8BD-407B-8C18-6A242350337D}.Debug|ARM.Build.0 = Debug|Any CPU
		{96608CDD-C8BD-407B-8C18-6A242350337D}.Debug|x64.ActiveCfg = Debug|Any CPU
		{96608CDD-C8BD-407B-8C18-6A242350337D}.Debug|x64.Build.0 = Debug|Any CPU
		{96608CDD-C8BD-407B-8C18-6A242350337D}.Debug|x86.ActiveCfg = Debug|Any CPU
		{96608CDD-C8BD-407B-8C18-6A242350337D}.Debug|x86.Build.0 = Debug|Any CPU
		{96608CDD-C8BD-407B-8C18-6A242350337D}.Release|Any CPU.ActiveCfg = Release|Any CPU
		{96608CDD-C8BD-407B-8C18-6A242350337D}.Release|Any CPU.Build.0 = Release|Any CPU
		{96608CDD-C8BD-407B-8C18-6A242350337D}.Release|ARM.ActiveCfg = Release|Any CPU
		{96608CDD-C8BD-407B-8C18-6A242350337D}.Release|ARM.Build.0 = Release|Any CPU
		{96608CDD-C8BD-407B-8C18-6A242350337D}.Release|x64.ActiveCfg = Release|Any CPU
		{96608CDD-C8BD-407B-8C18-6A242350337D}.Release|x64.Build.0 = Release|Any CPU
		{96608CDD-C8BD-407B-8C18-6A242350337D}.Release|x86.ActiveCfg = Release|Any CPU
		{96608CDD-C8BD-407B-8C18-6A242350337D}.Release|x86.Build.0 = Release|Any CPU
		{6979A1CE-1A76-4E5E-91AA-E06B97A88CC0}.Debug|Any CPU.ActiveCfg = Debug|Any CPU
		{6979A1CE-1A76-4E5E-91AA-E06B97A88CC0}.Debug|Any CPU.Build.0 = Debug|Any CPU
		{6979A1CE-1A76-4E5E-91AA-E06B97A88CC0}.Debug|ARM.ActiveCfg = Debug|Any CPU
		{6979A1CE-1A76-4E5E-91AA-E06B97A88CC0}.Debug|ARM.Build.0 = Debug|Any CPU
		{6979A1CE-1A76-4E5E-91AA-E06B97A88CC0}.Debug|x64.ActiveCfg = Debug|Any CPU
		{6979A1CE-1A76-4E5E-91AA-E06B97A88CC0}.Debug|x64.Build.0 = Debug|Any CPU
		{6979A1CE-1A76-4E5E-91AA-E06B97A88CC0}.Debug|x86.ActiveCfg = Debug|Any CPU
		{6979A1CE-1A76-4E5E-91AA-E06B97A88CC0}.Debug|x86.Build.0 = Debug|Any CPU
		{6979A1CE-1A76-4E5E-91AA-E06B97A88CC0}.Release|Any CPU.ActiveCfg = Release|Any CPU
		{6979A1CE-1A76-4E5E-91AA-E06B97A88CC0}.Release|Any CPU.Build.0 = Release|Any CPU
		{6979A1CE-1A76-4E5E-91AA-E06B97A88CC0}.Release|ARM.ActiveCfg = Release|Any CPU
		{6979A1CE-1A76-4E5E-91AA-E06B97A88CC0}.Release|ARM.Build.0 = Release|Any CPU
		{6979A1CE-1A76-4E5E-91AA-E06B97A88CC0}.Release|x64.ActiveCfg = Release|Any CPU
		{6979A1CE-1A76-4E5E-91AA-E06B97A88CC0}.Release|x64.Build.0 = Release|Any CPU
		{6979A1CE-1A76-4E5E-91AA-E06B97A88CC0}.Release|x86.ActiveCfg = Release|Any CPU
		{6979A1CE-1A76-4E5E-91AA-E06B97A88CC0}.Release|x86.Build.0 = Release|Any CPU
		{E3FA76C2-4533-463D-AAB5-17E5DD8269D3}.Debug|Any CPU.ActiveCfg = Debug|Any CPU
		{E3FA76C2-4533-463D-AAB5-17E5DD8269D3}.Debug|Any CPU.Build.0 = Debug|Any CPU
		{E3FA76C2-4533-463D-AAB5-17E5DD8269D3}.Debug|ARM.ActiveCfg = Debug|Any CPU
		{E3FA76C2-4533-463D-AAB5-17E5DD8269D3}.Debug|ARM.Build.0 = Debug|Any CPU
		{E3FA76C2-4533-463D-AAB5-17E5DD8269D3}.Debug|x64.ActiveCfg = Debug|Any CPU
		{E3FA76C2-4533-463D-AAB5-17E5DD8269D3}.Debug|x64.Build.0 = Debug|Any CPU
		{E3FA76C2-4533-463D-AAB5-17E5DD8269D3}.Debug|x86.ActiveCfg = Debug|Any CPU
		{E3FA76C2-4533-463D-AAB5-17E5DD8269D3}.Debug|x86.Build.0 = Debug|Any CPU
		{E3FA76C2-4533-463D-AAB5-17E5DD8269D3}.Release|Any CPU.ActiveCfg = Release|Any CPU
		{E3FA76C2-4533-463D-AAB5-17E5DD8269D3}.Release|Any CPU.Build.0 = Release|Any CPU
		{E3FA76C2-4533-463D-AAB5-17E5DD8269D3}.Release|ARM.ActiveCfg = Release|Any CPU
		{E3FA76C2-4533-463D-AAB5-17E5DD8269D3}.Release|ARM.Build.0 = Release|Any CPU
		{E3FA76C2-4533-463D-AAB5-17E5DD8269D3}.Release|x64.ActiveCfg = Release|Any CPU
		{E3FA76C2-4533-463D-AAB5-17E5DD8269D3}.Release|x64.Build.0 = Release|Any CPU
		{E3FA76C2-4533-463D-AAB5-17E5DD8269D3}.Release|x86.ActiveCfg = Release|Any CPU
		{E3FA76C2-4533-463D-AAB5-17E5DD8269D3}.Release|x86.Build.0 = Release|Any CPU
		{8B0D379F-96DD-425F-9793-8DE51FDC8706}.Debug|Any CPU.ActiveCfg = Debug|Any CPU
		{8B0D379F-96DD-425F-9793-8DE51FDC8706}.Debug|Any CPU.Build.0 = Debug|Any CPU
		{8B0D379F-96DD-425F-9793-8DE51FDC8706}.Debug|ARM.ActiveCfg = Debug|Any CPU
		{8B0D379F-96DD-425F-9793-8DE51FDC8706}.Debug|ARM.Build.0 = Debug|Any CPU
		{8B0D379F-96DD-425F-9793-8DE51FDC8706}.Debug|x64.ActiveCfg = Debug|Any CPU
		{8B0D379F-96DD-425F-9793-8DE51FDC8706}.Debug|x64.Build.0 = Debug|Any CPU
		{8B0D379F-96DD-425F-9793-8DE51FDC8706}.Debug|x86.ActiveCfg = Debug|Any CPU
		{8B0D379F-96DD-425F-9793-8DE51FDC8706}.Debug|x86.Build.0 = Debug|Any CPU
		{8B0D379F-96DD-425F-9793-8DE51FDC8706}.Release|Any CPU.ActiveCfg = Release|Any CPU
		{8B0D379F-96DD-425F-9793-8DE51FDC8706}.Release|Any CPU.Build.0 = Release|Any CPU
		{8B0D379F-96DD-425F-9793-8DE51FDC8706}.Release|ARM.ActiveCfg = Release|Any CPU
		{8B0D379F-96DD-425F-9793-8DE51FDC8706}.Release|ARM.Build.0 = Release|Any CPU
		{8B0D379F-96DD-425F-9793-8DE51FDC8706}.Release|x64.ActiveCfg = Release|Any CPU
		{8B0D379F-96DD-425F-9793-8DE51FDC8706}.Release|x64.Build.0 = Release|Any CPU
		{8B0D379F-96DD-425F-9793-8DE51FDC8706}.Release|x86.ActiveCfg = Release|Any CPU
		{8B0D379F-96DD-425F-9793-8DE51FDC8706}.Release|x86.Build.0 = Release|Any CPU
		{1214A9B7-70B8-4224-9FD1-12AA685A51B1}.Debug|Any CPU.ActiveCfg = Debug|Any CPU
		{1214A9B7-70B8-4224-9FD1-12AA685A51B1}.Debug|Any CPU.Build.0 = Debug|Any CPU
		{1214A9B7-70B8-4224-9FD1-12AA685A51B1}.Debug|ARM.ActiveCfg = Debug|Any CPU
		{1214A9B7-70B8-4224-9FD1-12AA685A51B1}.Debug|ARM.Build.0 = Debug|Any CPU
		{1214A9B7-70B8-4224-9FD1-12AA685A51B1}.Debug|x64.ActiveCfg = Debug|Any CPU
		{1214A9B7-70B8-4224-9FD1-12AA685A51B1}.Debug|x64.Build.0 = Debug|Any CPU
		{1214A9B7-70B8-4224-9FD1-12AA685A51B1}.Debug|x86.ActiveCfg = Debug|Any CPU
		{1214A9B7-70B8-4224-9FD1-12AA685A51B1}.Debug|x86.Build.0 = Debug|Any CPU
		{1214A9B7-70B8-4224-9FD1-12AA685A51B1}.Release|Any CPU.ActiveCfg = Release|Any CPU
		{1214A9B7-70B8-4224-9FD1-12AA685A51B1}.Release|Any CPU.Build.0 = Release|Any CPU
		{1214A9B7-70B8-4224-9FD1-12AA685A51B1}.Release|ARM.ActiveCfg = Release|Any CPU
		{1214A9B7-70B8-4224-9FD1-12AA685A51B1}.Release|ARM.Build.0 = Release|Any CPU
		{1214A9B7-70B8-4224-9FD1-12AA685A51B1}.Release|x64.ActiveCfg = Release|Any CPU
		{1214A9B7-70B8-4224-9FD1-12AA685A51B1}.Release|x64.Build.0 = Release|Any CPU
		{1214A9B7-70B8-4224-9FD1-12AA685A51B1}.Release|x86.ActiveCfg = Release|Any CPU
		{1214A9B7-70B8-4224-9FD1-12AA685A51B1}.Release|x86.Build.0 = Release|Any CPU
		{B4DC7A32-2A58-43E9-A346-9BEA81CB421A}.Debug|Any CPU.ActiveCfg = Debug|Any CPU
		{B4DC7A32-2A58-43E9-A346-9BEA81CB421A}.Debug|Any CPU.Build.0 = Debug|Any CPU
		{B4DC7A32-2A58-43E9-A346-9BEA81CB421A}.Debug|ARM.ActiveCfg = Debug|Any CPU
		{B4DC7A32-2A58-43E9-A346-9BEA81CB421A}.Debug|ARM.Build.0 = Debug|Any CPU
		{B4DC7A32-2A58-43E9-A346-9BEA81CB421A}.Debug|x64.ActiveCfg = Debug|Any CPU
		{B4DC7A32-2A58-43E9-A346-9BEA81CB421A}.Debug|x64.Build.0 = Debug|Any CPU
		{B4DC7A32-2A58-43E9-A346-9BEA81CB421A}.Debug|x86.ActiveCfg = Debug|Any CPU
		{B4DC7A32-2A58-43E9-A346-9BEA81CB421A}.Debug|x86.Build.0 = Debug|Any CPU
		{B4DC7A32-2A58-43E9-A346-9BEA81CB421A}.Release|Any CPU.ActiveCfg = Release|Any CPU
		{B4DC7A32-2A58-43E9-A346-9BEA81CB421A}.Release|Any CPU.Build.0 = Release|Any CPU
		{B4DC7A32-2A58-43E9-A346-9BEA81CB421A}.Release|ARM.ActiveCfg = Release|Any CPU
		{B4DC7A32-2A58-43E9-A346-9BEA81CB421A}.Release|ARM.Build.0 = Release|Any CPU
		{B4DC7A32-2A58-43E9-A346-9BEA81CB421A}.Release|x64.ActiveCfg = Release|Any CPU
		{B4DC7A32-2A58-43E9-A346-9BEA81CB421A}.Release|x64.Build.0 = Release|Any CPU
		{B4DC7A32-2A58-43E9-A346-9BEA81CB421A}.Release|x86.ActiveCfg = Release|Any CPU
		{B4DC7A32-2A58-43E9-A346-9BEA81CB421A}.Release|x86.Build.0 = Release|Any CPU
		{6F875B12-CE9C-46E4-A8B8-D8A1B0E2DFE2}.Debug|Any CPU.ActiveCfg = Debug|Any CPU
		{6F875B12-CE9C-46E4-A8B8-D8A1B0E2DFE2}.Debug|Any CPU.Build.0 = Debug|Any CPU
		{6F875B12-CE9C-46E4-A8B8-D8A1B0E2DFE2}.Debug|ARM.ActiveCfg = Debug|Any CPU
		{6F875B12-CE9C-46E4-A8B8-D8A1B0E2DFE2}.Debug|ARM.Build.0 = Debug|Any CPU
		{6F875B12-CE9C-46E4-A8B8-D8A1B0E2DFE2}.Debug|x64.ActiveCfg = Debug|Any CPU
		{6F875B12-CE9C-46E4-A8B8-D8A1B0E2DFE2}.Debug|x64.Build.0 = Debug|Any CPU
		{6F875B12-CE9C-46E4-A8B8-D8A1B0E2DFE2}.Debug|x86.ActiveCfg = Debug|Any CPU
		{6F875B12-CE9C-46E4-A8B8-D8A1B0E2DFE2}.Debug|x86.Build.0 = Debug|Any CPU
		{6F875B12-CE9C-46E4-A8B8-D8A1B0E2DFE2}.Release|Any CPU.ActiveCfg = Release|Any CPU
		{6F875B12-CE9C-46E4-A8B8-D8A1B0E2DFE2}.Release|Any CPU.Build.0 = Release|Any CPU
		{6F875B12-CE9C-46E4-A8B8-D8A1B0E2DFE2}.Release|ARM.ActiveCfg = Release|Any CPU
		{6F875B12-CE9C-46E4-A8B8-D8A1B0E2DFE2}.Release|ARM.Build.0 = Release|Any CPU
		{6F875B12-CE9C-46E4-A8B8-D8A1B0E2DFE2}.Release|x64.ActiveCfg = Release|Any CPU
		{6F875B12-CE9C-46E4-A8B8-D8A1B0E2DFE2}.Release|x64.Build.0 = Release|Any CPU
		{6F875B12-CE9C-46E4-A8B8-D8A1B0E2DFE2}.Release|x86.ActiveCfg = Release|Any CPU
		{6F875B12-CE9C-46E4-A8B8-D8A1B0E2DFE2}.Release|x86.Build.0 = Release|Any CPU
		{D5C85E65-C9B8-4A74-8E1E-BC78FF2E1EEE}.Debug|Any CPU.ActiveCfg = Debug|Any CPU
		{D5C85E65-C9B8-4A74-8E1E-BC78FF2E1EEE}.Debug|Any CPU.Build.0 = Debug|Any CPU
		{D5C85E65-C9B8-4A74-8E1E-BC78FF2E1EEE}.Debug|ARM.ActiveCfg = Debug|Any CPU
		{D5C85E65-C9B8-4A74-8E1E-BC78FF2E1EEE}.Debug|ARM.Build.0 = Debug|Any CPU
		{D5C85E65-C9B8-4A74-8E1E-BC78FF2E1EEE}.Debug|x64.ActiveCfg = Debug|Any CPU
		{D5C85E65-C9B8-4A74-8E1E-BC78FF2E1EEE}.Debug|x64.Build.0 = Debug|Any CPU
		{D5C85E65-C9B8-4A74-8E1E-BC78FF2E1EEE}.Debug|x86.ActiveCfg = Debug|Any CPU
		{D5C85E65-C9B8-4A74-8E1E-BC78FF2E1EEE}.Debug|x86.Build.0 = Debug|Any CPU
		{D5C85E65-C9B8-4A74-8E1E-BC78FF2E1EEE}.Release|Any CPU.ActiveCfg = Release|Any CPU
		{D5C85E65-C9B8-4A74-8E1E-BC78FF2E1EEE}.Release|Any CPU.Build.0 = Release|Any CPU
		{D5C85E65-C9B8-4A74-8E1E-BC78FF2E1EEE}.Release|ARM.ActiveCfg = Release|Any CPU
		{D5C85E65-C9B8-4A74-8E1E-BC78FF2E1EEE}.Release|ARM.Build.0 = Release|Any CPU
		{D5C85E65-C9B8-4A74-8E1E-BC78FF2E1EEE}.Release|x64.ActiveCfg = Release|Any CPU
		{D5C85E65-C9B8-4A74-8E1E-BC78FF2E1EEE}.Release|x64.Build.0 = Release|Any CPU
		{D5C85E65-C9B8-4A74-8E1E-BC78FF2E1EEE}.Release|x86.ActiveCfg = Release|Any CPU
		{D5C85E65-C9B8-4A74-8E1E-BC78FF2E1EEE}.Release|x86.Build.0 = Release|Any CPU
		{E9909E52-25BE-4F82-873B-DAF2EC30DE76}.Debug|Any CPU.ActiveCfg = Debug|Any CPU
		{E9909E52-25BE-4F82-873B-DAF2EC30DE76}.Debug|Any CPU.Build.0 = Debug|Any CPU
		{E9909E52-25BE-4F82-873B-DAF2EC30DE76}.Debug|ARM.ActiveCfg = Debug|Any CPU
		{E9909E52-25BE-4F82-873B-DAF2EC30DE76}.Debug|ARM.Build.0 = Debug|Any CPU
		{E9909E52-25BE-4F82-873B-DAF2EC30DE76}.Debug|x64.ActiveCfg = Debug|Any CPU
		{E9909E52-25BE-4F82-873B-DAF2EC30DE76}.Debug|x64.Build.0 = Debug|Any CPU
		{E9909E52-25BE-4F82-873B-DAF2EC30DE76}.Debug|x86.ActiveCfg = Debug|Any CPU
		{E9909E52-25BE-4F82-873B-DAF2EC30DE76}.Debug|x86.Build.0 = Debug|Any CPU
		{E9909E52-25BE-4F82-873B-DAF2EC30DE76}.Release|Any CPU.ActiveCfg = Release|Any CPU
		{E9909E52-25BE-4F82-873B-DAF2EC30DE76}.Release|Any CPU.Build.0 = Release|Any CPU
		{E9909E52-25BE-4F82-873B-DAF2EC30DE76}.Release|ARM.ActiveCfg = Release|Any CPU
		{E9909E52-25BE-4F82-873B-DAF2EC30DE76}.Release|ARM.Build.0 = Release|Any CPU
		{E9909E52-25BE-4F82-873B-DAF2EC30DE76}.Release|x64.ActiveCfg = Release|Any CPU
		{E9909E52-25BE-4F82-873B-DAF2EC30DE76}.Release|x64.Build.0 = Release|Any CPU
		{E9909E52-25BE-4F82-873B-DAF2EC30DE76}.Release|x86.ActiveCfg = Release|Any CPU
		{E9909E52-25BE-4F82-873B-DAF2EC30DE76}.Release|x86.Build.0 = Release|Any CPU
		{8C35908E-2C54-4D80-9146-902347EFE483}.Debug|Any CPU.ActiveCfg = Debug|Any CPU
		{8C35908E-2C54-4D80-9146-902347EFE483}.Debug|Any CPU.Build.0 = Debug|Any CPU
		{8C35908E-2C54-4D80-9146-902347EFE483}.Debug|ARM.ActiveCfg = Debug|Any CPU
		{8C35908E-2C54-4D80-9146-902347EFE483}.Debug|ARM.Build.0 = Debug|Any CPU
		{8C35908E-2C54-4D80-9146-902347EFE483}.Debug|x64.ActiveCfg = Debug|Any CPU
		{8C35908E-2C54-4D80-9146-902347EFE483}.Debug|x64.Build.0 = Debug|Any CPU
		{8C35908E-2C54-4D80-9146-902347EFE483}.Debug|x86.ActiveCfg = Debug|Any CPU
		{8C35908E-2C54-4D80-9146-902347EFE483}.Debug|x86.Build.0 = Debug|Any CPU
		{8C35908E-2C54-4D80-9146-902347EFE483}.Release|Any CPU.ActiveCfg = Release|Any CPU
		{8C35908E-2C54-4D80-9146-902347EFE483}.Release|Any CPU.Build.0 = Release|Any CPU
		{8C35908E-2C54-4D80-9146-902347EFE483}.Release|ARM.ActiveCfg = Release|Any CPU
		{8C35908E-2C54-4D80-9146-902347EFE483}.Release|ARM.Build.0 = Release|Any CPU
		{8C35908E-2C54-4D80-9146-902347EFE483}.Release|x64.ActiveCfg = Release|Any CPU
		{8C35908E-2C54-4D80-9146-902347EFE483}.Release|x64.Build.0 = Release|Any CPU
		{8C35908E-2C54-4D80-9146-902347EFE483}.Release|x86.ActiveCfg = Release|Any CPU
		{8C35908E-2C54-4D80-9146-902347EFE483}.Release|x86.Build.0 = Release|Any CPU
		{6E57809C-FCFA-4818-9DF8-93162E451ED0}.Debug|Any CPU.ActiveCfg = Debug|Any CPU
		{6E57809C-FCFA-4818-9DF8-93162E451ED0}.Debug|Any CPU.Build.0 = Debug|Any CPU
		{6E57809C-FCFA-4818-9DF8-93162E451ED0}.Debug|ARM.ActiveCfg = Debug|Any CPU
		{6E57809C-FCFA-4818-9DF8-93162E451ED0}.Debug|ARM.Build.0 = Debug|Any CPU
		{6E57809C-FCFA-4818-9DF8-93162E451ED0}.Debug|x64.ActiveCfg = Debug|Any CPU
		{6E57809C-FCFA-4818-9DF8-93162E451ED0}.Debug|x64.Build.0 = Debug|Any CPU
		{6E57809C-FCFA-4818-9DF8-93162E451ED0}.Debug|x86.ActiveCfg = Debug|Any CPU
		{6E57809C-FCFA-4818-9DF8-93162E451ED0}.Debug|x86.Build.0 = Debug|Any CPU
		{6E57809C-FCFA-4818-9DF8-93162E451ED0}.Release|Any CPU.ActiveCfg = Release|Any CPU
		{6E57809C-FCFA-4818-9DF8-93162E451ED0}.Release|Any CPU.Build.0 = Release|Any CPU
		{6E57809C-FCFA-4818-9DF8-93162E451ED0}.Release|ARM.ActiveCfg = Release|Any CPU
		{6E57809C-FCFA-4818-9DF8-93162E451ED0}.Release|ARM.Build.0 = Release|Any CPU
		{6E57809C-FCFA-4818-9DF8-93162E451ED0}.Release|x64.ActiveCfg = Release|Any CPU
		{6E57809C-FCFA-4818-9DF8-93162E451ED0}.Release|x64.Build.0 = Release|Any CPU
		{6E57809C-FCFA-4818-9DF8-93162E451ED0}.Release|x86.ActiveCfg = Release|Any CPU
		{6E57809C-FCFA-4818-9DF8-93162E451ED0}.Release|x86.Build.0 = Release|Any CPU
		{5AB7261D-F74C-4853-BD70-4EB2239B89F9}.Debug|Any CPU.ActiveCfg = Debug|Any CPU
		{5AB7261D-F74C-4853-BD70-4EB2239B89F9}.Debug|Any CPU.Build.0 = Debug|Any CPU
		{5AB7261D-F74C-4853-BD70-4EB2239B89F9}.Debug|ARM.ActiveCfg = Debug|Any CPU
		{5AB7261D-F74C-4853-BD70-4EB2239B89F9}.Debug|ARM.Build.0 = Debug|Any CPU
		{5AB7261D-F74C-4853-BD70-4EB2239B89F9}.Debug|x64.ActiveCfg = Debug|Any CPU
		{5AB7261D-F74C-4853-BD70-4EB2239B89F9}.Debug|x64.Build.0 = Debug|Any CPU
		{5AB7261D-F74C-4853-BD70-4EB2239B89F9}.Debug|x86.ActiveCfg = Debug|Any CPU
		{5AB7261D-F74C-4853-BD70-4EB2239B89F9}.Debug|x86.Build.0 = Debug|Any CPU
		{5AB7261D-F74C-4853-BD70-4EB2239B89F9}.Release|Any CPU.ActiveCfg = Release|Any CPU
		{5AB7261D-F74C-4853-BD70-4EB2239B89F9}.Release|Any CPU.Build.0 = Release|Any CPU
		{5AB7261D-F74C-4853-BD70-4EB2239B89F9}.Release|ARM.ActiveCfg = Release|Any CPU
		{5AB7261D-F74C-4853-BD70-4EB2239B89F9}.Release|ARM.Build.0 = Release|Any CPU
		{5AB7261D-F74C-4853-BD70-4EB2239B89F9}.Release|x64.ActiveCfg = Release|Any CPU
		{5AB7261D-F74C-4853-BD70-4EB2239B89F9}.Release|x64.Build.0 = Release|Any CPU
		{5AB7261D-F74C-4853-BD70-4EB2239B89F9}.Release|x86.ActiveCfg = Release|Any CPU
		{5AB7261D-F74C-4853-BD70-4EB2239B89F9}.Release|x86.Build.0 = Release|Any CPU
		{BAE3D064-EF4C-408F-8BA7-6D0D2A0079E1}.Debug|Any CPU.ActiveCfg = Debug|Any CPU
		{BAE3D064-EF4C-408F-8BA7-6D0D2A0079E1}.Debug|Any CPU.Build.0 = Debug|Any CPU
		{BAE3D064-EF4C-408F-8BA7-6D0D2A0079E1}.Debug|ARM.ActiveCfg = Debug|Any CPU
		{BAE3D064-EF4C-408F-8BA7-6D0D2A0079E1}.Debug|ARM.Build.0 = Debug|Any CPU
		{BAE3D064-EF4C-408F-8BA7-6D0D2A0079E1}.Debug|x64.ActiveCfg = Debug|Any CPU
		{BAE3D064-EF4C-408F-8BA7-6D0D2A0079E1}.Debug|x64.Build.0 = Debug|Any CPU
		{BAE3D064-EF4C-408F-8BA7-6D0D2A0079E1}.Debug|x86.ActiveCfg = Debug|Any CPU
		{BAE3D064-EF4C-408F-8BA7-6D0D2A0079E1}.Debug|x86.Build.0 = Debug|Any CPU
		{BAE3D064-EF4C-408F-8BA7-6D0D2A0079E1}.Release|Any CPU.ActiveCfg = Release|Any CPU
		{BAE3D064-EF4C-408F-8BA7-6D0D2A0079E1}.Release|Any CPU.Build.0 = Release|Any CPU
		{BAE3D064-EF4C-408F-8BA7-6D0D2A0079E1}.Release|ARM.ActiveCfg = Release|Any CPU
		{BAE3D064-EF4C-408F-8BA7-6D0D2A0079E1}.Release|ARM.Build.0 = Release|Any CPU
		{BAE3D064-EF4C-408F-8BA7-6D0D2A0079E1}.Release|x64.ActiveCfg = Release|Any CPU
		{BAE3D064-EF4C-408F-8BA7-6D0D2A0079E1}.Release|x64.Build.0 = Release|Any CPU
		{BAE3D064-EF4C-408F-8BA7-6D0D2A0079E1}.Release|x86.ActiveCfg = Release|Any CPU
		{BAE3D064-EF4C-408F-8BA7-6D0D2A0079E1}.Release|x86.Build.0 = Release|Any CPU
		{BB07442C-89FF-48AA-B4A9-5413BE5D4D09}.Debug|Any CPU.ActiveCfg = Debug|Any CPU
		{BB07442C-89FF-48AA-B4A9-5413BE5D4D09}.Debug|Any CPU.Build.0 = Debug|Any CPU
		{BB07442C-89FF-48AA-B4A9-5413BE5D4D09}.Debug|ARM.ActiveCfg = Debug|Any CPU
		{BB07442C-89FF-48AA-B4A9-5413BE5D4D09}.Debug|ARM.Build.0 = Debug|Any CPU
		{BB07442C-89FF-48AA-B4A9-5413BE5D4D09}.Debug|x64.ActiveCfg = Debug|Any CPU
		{BB07442C-89FF-48AA-B4A9-5413BE5D4D09}.Debug|x64.Build.0 = Debug|Any CPU
		{BB07442C-89FF-48AA-B4A9-5413BE5D4D09}.Debug|x86.ActiveCfg = Debug|Any CPU
		{BB07442C-89FF-48AA-B4A9-5413BE5D4D09}.Debug|x86.Build.0 = Debug|Any CPU
		{BB07442C-89FF-48AA-B4A9-5413BE5D4D09}.Release|Any CPU.ActiveCfg = Release|Any CPU
		{BB07442C-89FF-48AA-B4A9-5413BE5D4D09}.Release|Any CPU.Build.0 = Release|Any CPU
		{BB07442C-89FF-48AA-B4A9-5413BE5D4D09}.Release|ARM.ActiveCfg = Release|Any CPU
		{BB07442C-89FF-48AA-B4A9-5413BE5D4D09}.Release|ARM.Build.0 = Release|Any CPU
		{BB07442C-89FF-48AA-B4A9-5413BE5D4D09}.Release|x64.ActiveCfg = Release|Any CPU
		{BB07442C-89FF-48AA-B4A9-5413BE5D4D09}.Release|x64.Build.0 = Release|Any CPU
		{BB07442C-89FF-48AA-B4A9-5413BE5D4D09}.Release|x86.ActiveCfg = Release|Any CPU
		{BB07442C-89FF-48AA-B4A9-5413BE5D4D09}.Release|x86.Build.0 = Release|Any CPU
		{75316B54-9639-4CA9-9159-252A8F8026E3}.Debug|Any CPU.ActiveCfg = Debug|Any CPU
		{75316B54-9639-4CA9-9159-252A8F8026E3}.Debug|Any CPU.Build.0 = Debug|Any CPU
		{75316B54-9639-4CA9-9159-252A8F8026E3}.Debug|ARM.ActiveCfg = Debug|Any CPU
		{75316B54-9639-4CA9-9159-252A8F8026E3}.Debug|ARM.Build.0 = Debug|Any CPU
		{75316B54-9639-4CA9-9159-252A8F8026E3}.Debug|x64.ActiveCfg = Debug|Any CPU
		{75316B54-9639-4CA9-9159-252A8F8026E3}.Debug|x64.Build.0 = Debug|Any CPU
		{75316B54-9639-4CA9-9159-252A8F8026E3}.Debug|x86.ActiveCfg = Debug|Any CPU
		{75316B54-9639-4CA9-9159-252A8F8026E3}.Release|Any CPU.ActiveCfg = Release|Any CPU
		{75316B54-9639-4CA9-9159-252A8F8026E3}.Release|Any CPU.Build.0 = Release|Any CPU
		{75316B54-9639-4CA9-9159-252A8F8026E3}.Release|ARM.ActiveCfg = Release|Any CPU
		{75316B54-9639-4CA9-9159-252A8F8026E3}.Release|ARM.Build.0 = Release|Any CPU
		{75316B54-9639-4CA9-9159-252A8F8026E3}.Release|x64.ActiveCfg = Release|Any CPU
		{75316B54-9639-4CA9-9159-252A8F8026E3}.Release|x64.Build.0 = Release|Any CPU
		{75316B54-9639-4CA9-9159-252A8F8026E3}.Release|x86.ActiveCfg = Release|Any CPU
		{B83A68D7-E702-4EDF-BEA7-843E5E318159}.Debug|Any CPU.ActiveCfg = Debug|Any CPU
		{B83A68D7-E702-4EDF-BEA7-843E5E318159}.Debug|Any CPU.Build.0 = Debug|Any CPU
		{B83A68D7-E702-4EDF-BEA7-843E5E318159}.Debug|ARM.ActiveCfg = Debug|Any CPU
		{B83A68D7-E702-4EDF-BEA7-843E5E318159}.Debug|ARM.Build.0 = Debug|Any CPU
		{B83A68D7-E702-4EDF-BEA7-843E5E318159}.Debug|x64.ActiveCfg = Debug|Any CPU
		{B83A68D7-E702-4EDF-BEA7-843E5E318159}.Debug|x64.Build.0 = Debug|Any CPU
		{B83A68D7-E702-4EDF-BEA7-843E5E318159}.Debug|x86.ActiveCfg = Debug|Any CPU
		{B83A68D7-E702-4EDF-BEA7-843E5E318159}.Debug|x86.Build.0 = Debug|Any CPU
		{B83A68D7-E702-4EDF-BEA7-843E5E318159}.Release|Any CPU.ActiveCfg = Release|Any CPU
		{B83A68D7-E702-4EDF-BEA7-843E5E318159}.Release|Any CPU.Build.0 = Release|Any CPU
		{B83A68D7-E702-4EDF-BEA7-843E5E318159}.Release|ARM.ActiveCfg = Release|Any CPU
		{B83A68D7-E702-4EDF-BEA7-843E5E318159}.Release|ARM.Build.0 = Release|Any CPU
		{B83A68D7-E702-4EDF-BEA7-843E5E318159}.Release|x64.ActiveCfg = Release|Any CPU
		{B83A68D7-E702-4EDF-BEA7-843E5E318159}.Release|x64.Build.0 = Release|Any CPU
		{B83A68D7-E702-4EDF-BEA7-843E5E318159}.Release|x86.ActiveCfg = Release|Any CPU
		{B83A68D7-E702-4EDF-BEA7-843E5E318159}.Release|x86.Build.0 = Release|Any CPU
		{E84A5C35-66AB-40B4-8A06-7A2181BF4842}.Debug|Any CPU.ActiveCfg = Debug|Any CPU
		{E84A5C35-66AB-40B4-8A06-7A2181BF4842}.Debug|Any CPU.Build.0 = Debug|Any CPU
		{E84A5C35-66AB-40B4-8A06-7A2181BF4842}.Debug|ARM.ActiveCfg = Debug|Any CPU
		{E84A5C35-66AB-40B4-8A06-7A2181BF4842}.Debug|ARM.Build.0 = Debug|Any CPU
		{E84A5C35-66AB-40B4-8A06-7A2181BF4842}.Debug|x64.ActiveCfg = Debug|Any CPU
		{E84A5C35-66AB-40B4-8A06-7A2181BF4842}.Debug|x64.Build.0 = Debug|Any CPU
		{E84A5C35-66AB-40B4-8A06-7A2181BF4842}.Debug|x86.ActiveCfg = Debug|Any CPU
		{E84A5C35-66AB-40B4-8A06-7A2181BF4842}.Debug|x86.Build.0 = Debug|Any CPU
		{E84A5C35-66AB-40B4-8A06-7A2181BF4842}.Release|Any CPU.ActiveCfg = Release|Any CPU
		{E84A5C35-66AB-40B4-8A06-7A2181BF4842}.Release|Any CPU.Build.0 = Release|Any CPU
		{E84A5C35-66AB-40B4-8A06-7A2181BF4842}.Release|ARM.ActiveCfg = Release|Any CPU
		{E84A5C35-66AB-40B4-8A06-7A2181BF4842}.Release|ARM.Build.0 = Release|Any CPU
		{E84A5C35-66AB-40B4-8A06-7A2181BF4842}.Release|x64.ActiveCfg = Release|Any CPU
		{E84A5C35-66AB-40B4-8A06-7A2181BF4842}.Release|x64.Build.0 = Release|Any CPU
		{E84A5C35-66AB-40B4-8A06-7A2181BF4842}.Release|x86.ActiveCfg = Release|Any CPU
		{E84A5C35-66AB-40B4-8A06-7A2181BF4842}.Release|x86.Build.0 = Release|Any CPU
		{4ED680B8-F69E-4EF2-BC40-F41BF66204D5}.Debug|Any CPU.ActiveCfg = Debug|Any CPU
		{4ED680B8-F69E-4EF2-BC40-F41BF66204D5}.Debug|Any CPU.Build.0 = Debug|Any CPU
		{4ED680B8-F69E-4EF2-BC40-F41BF66204D5}.Debug|ARM.ActiveCfg = Debug|Any CPU
		{4ED680B8-F69E-4EF2-BC40-F41BF66204D5}.Debug|ARM.Build.0 = Debug|Any CPU
		{4ED680B8-F69E-4EF2-BC40-F41BF66204D5}.Debug|x64.ActiveCfg = Debug|Any CPU
		{4ED680B8-F69E-4EF2-BC40-F41BF66204D5}.Debug|x64.Build.0 = Debug|Any CPU
		{4ED680B8-F69E-4EF2-BC40-F41BF66204D5}.Debug|x86.ActiveCfg = Debug|Any CPU
		{4ED680B8-F69E-4EF2-BC40-F41BF66204D5}.Debug|x86.Build.0 = Debug|Any CPU
		{4ED680B8-F69E-4EF2-BC40-F41BF66204D5}.Release|Any CPU.ActiveCfg = Release|Any CPU
		{4ED680B8-F69E-4EF2-BC40-F41BF66204D5}.Release|Any CPU.Build.0 = Release|Any CPU
		{4ED680B8-F69E-4EF2-BC40-F41BF66204D5}.Release|ARM.ActiveCfg = Release|Any CPU
		{4ED680B8-F69E-4EF2-BC40-F41BF66204D5}.Release|ARM.Build.0 = Release|Any CPU
		{4ED680B8-F69E-4EF2-BC40-F41BF66204D5}.Release|x64.ActiveCfg = Release|Any CPU
		{4ED680B8-F69E-4EF2-BC40-F41BF66204D5}.Release|x64.Build.0 = Release|Any CPU
		{4ED680B8-F69E-4EF2-BC40-F41BF66204D5}.Release|x86.ActiveCfg = Release|Any CPU
		{4ED680B8-F69E-4EF2-BC40-F41BF66204D5}.Release|x86.Build.0 = Release|Any CPU
		{D8A216AC-8FA5-4C91-A52A-7CE87BBD51FB}.Debug|Any CPU.ActiveCfg = Debug|Any CPU
		{D8A216AC-8FA5-4C91-A52A-7CE87BBD51FB}.Debug|Any CPU.Build.0 = Debug|Any CPU
		{D8A216AC-8FA5-4C91-A52A-7CE87BBD51FB}.Debug|ARM.ActiveCfg = Debug|Any CPU
		{D8A216AC-8FA5-4C91-A52A-7CE87BBD51FB}.Debug|ARM.Build.0 = Debug|Any CPU
		{D8A216AC-8FA5-4C91-A52A-7CE87BBD51FB}.Debug|x64.ActiveCfg = Debug|Any CPU
		{D8A216AC-8FA5-4C91-A52A-7CE87BBD51FB}.Debug|x64.Build.0 = Debug|Any CPU
		{D8A216AC-8FA5-4C91-A52A-7CE87BBD51FB}.Debug|x86.ActiveCfg = Debug|Any CPU
		{D8A216AC-8FA5-4C91-A52A-7CE87BBD51FB}.Debug|x86.Build.0 = Debug|Any CPU
		{D8A216AC-8FA5-4C91-A52A-7CE87BBD51FB}.Release|Any CPU.ActiveCfg = Release|Any CPU
		{D8A216AC-8FA5-4C91-A52A-7CE87BBD51FB}.Release|Any CPU.Build.0 = Release|Any CPU
		{D8A216AC-8FA5-4C91-A52A-7CE87BBD51FB}.Release|ARM.ActiveCfg = Release|Any CPU
		{D8A216AC-8FA5-4C91-A52A-7CE87BBD51FB}.Release|ARM.Build.0 = Release|Any CPU
		{D8A216AC-8FA5-4C91-A52A-7CE87BBD51FB}.Release|x64.ActiveCfg = Release|Any CPU
		{D8A216AC-8FA5-4C91-A52A-7CE87BBD51FB}.Release|x64.Build.0 = Release|Any CPU
		{D8A216AC-8FA5-4C91-A52A-7CE87BBD51FB}.Release|x86.ActiveCfg = Release|Any CPU
		{D8A216AC-8FA5-4C91-A52A-7CE87BBD51FB}.Release|x86.Build.0 = Release|Any CPU
		{89A91D2F-9EC5-4CBC-9FD2-508213D527D6}.Debug|Any CPU.ActiveCfg = Debug|Any CPU
		{89A91D2F-9EC5-4CBC-9FD2-508213D527D6}.Debug|Any CPU.Build.0 = Debug|Any CPU
		{89A91D2F-9EC5-4CBC-9FD2-508213D527D6}.Debug|ARM.ActiveCfg = Debug|Any CPU
		{89A91D2F-9EC5-4CBC-9FD2-508213D527D6}.Debug|ARM.Build.0 = Debug|Any CPU
		{89A91D2F-9EC5-4CBC-9FD2-508213D527D6}.Debug|x64.ActiveCfg = Debug|Any CPU
		{89A91D2F-9EC5-4CBC-9FD2-508213D527D6}.Debug|x64.Build.0 = Debug|Any CPU
		{89A91D2F-9EC5-4CBC-9FD2-508213D527D6}.Debug|x86.ActiveCfg = Debug|Any CPU
		{89A91D2F-9EC5-4CBC-9FD2-508213D527D6}.Debug|x86.Build.0 = Debug|Any CPU
		{89A91D2F-9EC5-4CBC-9FD2-508213D527D6}.Release|Any CPU.ActiveCfg = Release|Any CPU
		{89A91D2F-9EC5-4CBC-9FD2-508213D527D6}.Release|Any CPU.Build.0 = Release|Any CPU
		{89A91D2F-9EC5-4CBC-9FD2-508213D527D6}.Release|ARM.ActiveCfg = Release|Any CPU
		{89A91D2F-9EC5-4CBC-9FD2-508213D527D6}.Release|ARM.Build.0 = Release|Any CPU
		{89A91D2F-9EC5-4CBC-9FD2-508213D527D6}.Release|x64.ActiveCfg = Release|Any CPU
		{89A91D2F-9EC5-4CBC-9FD2-508213D527D6}.Release|x64.Build.0 = Release|Any CPU
		{89A91D2F-9EC5-4CBC-9FD2-508213D527D6}.Release|x86.ActiveCfg = Release|Any CPU
		{89A91D2F-9EC5-4CBC-9FD2-508213D527D6}.Release|x86.Build.0 = Release|Any CPU
		{8C021486-80DF-4109-9A02-F4585F741613}.Debug|Any CPU.ActiveCfg = Debug|Any CPU
		{8C021486-80DF-4109-9A02-F4585F741613}.Debug|Any CPU.Build.0 = Debug|Any CPU
		{8C021486-80DF-4109-9A02-F4585F741613}.Debug|ARM.ActiveCfg = Debug|Any CPU
		{8C021486-80DF-4109-9A02-F4585F741613}.Debug|ARM.Build.0 = Debug|Any CPU
		{8C021486-80DF-4109-9A02-F4585F741613}.Debug|x64.ActiveCfg = Debug|Any CPU
		{8C021486-80DF-4109-9A02-F4585F741613}.Debug|x64.Build.0 = Debug|Any CPU
		{8C021486-80DF-4109-9A02-F4585F741613}.Debug|x86.ActiveCfg = Debug|Any CPU
		{8C021486-80DF-4109-9A02-F4585F741613}.Debug|x86.Build.0 = Debug|Any CPU
		{8C021486-80DF-4109-9A02-F4585F741613}.Release|Any CPU.ActiveCfg = Release|Any CPU
		{8C021486-80DF-4109-9A02-F4585F741613}.Release|Any CPU.Build.0 = Release|Any CPU
		{8C021486-80DF-4109-9A02-F4585F741613}.Release|ARM.ActiveCfg = Release|Any CPU
		{8C021486-80DF-4109-9A02-F4585F741613}.Release|ARM.Build.0 = Release|Any CPU
		{8C021486-80DF-4109-9A02-F4585F741613}.Release|x64.ActiveCfg = Release|Any CPU
		{8C021486-80DF-4109-9A02-F4585F741613}.Release|x64.Build.0 = Release|Any CPU
		{8C021486-80DF-4109-9A02-F4585F741613}.Release|x86.ActiveCfg = Release|Any CPU
		{8C021486-80DF-4109-9A02-F4585F741613}.Release|x86.Build.0 = Release|Any CPU
		{31FBD1DF-2E11-4A52-A252-9A196AF18A86}.Debug|Any CPU.ActiveCfg = Debug|Any CPU
		{31FBD1DF-2E11-4A52-A252-9A196AF18A86}.Debug|Any CPU.Build.0 = Debug|Any CPU
		{31FBD1DF-2E11-4A52-A252-9A196AF18A86}.Debug|ARM.ActiveCfg = Debug|Any CPU
		{31FBD1DF-2E11-4A52-A252-9A196AF18A86}.Debug|ARM.Build.0 = Debug|Any CPU
		{31FBD1DF-2E11-4A52-A252-9A196AF18A86}.Debug|x64.ActiveCfg = Debug|Any CPU
		{31FBD1DF-2E11-4A52-A252-9A196AF18A86}.Debug|x64.Build.0 = Debug|Any CPU
		{31FBD1DF-2E11-4A52-A252-9A196AF18A86}.Debug|x86.ActiveCfg = Debug|Any CPU
		{31FBD1DF-2E11-4A52-A252-9A196AF18A86}.Debug|x86.Build.0 = Debug|Any CPU
		{31FBD1DF-2E11-4A52-A252-9A196AF18A86}.Release|Any CPU.ActiveCfg = Release|Any CPU
		{31FBD1DF-2E11-4A52-A252-9A196AF18A86}.Release|Any CPU.Build.0 = Release|Any CPU
		{31FBD1DF-2E11-4A52-A252-9A196AF18A86}.Release|ARM.ActiveCfg = Release|Any CPU
		{31FBD1DF-2E11-4A52-A252-9A196AF18A86}.Release|ARM.Build.0 = Release|Any CPU
		{31FBD1DF-2E11-4A52-A252-9A196AF18A86}.Release|x64.ActiveCfg = Release|Any CPU
		{31FBD1DF-2E11-4A52-A252-9A196AF18A86}.Release|x64.Build.0 = Release|Any CPU
		{31FBD1DF-2E11-4A52-A252-9A196AF18A86}.Release|x86.ActiveCfg = Release|Any CPU
		{31FBD1DF-2E11-4A52-A252-9A196AF18A86}.Release|x86.Build.0 = Release|Any CPU
		{BEE73A73-0BD7-4EF8-8F90-7D22AD0CA57F}.Debug|Any CPU.ActiveCfg = Debug|Any CPU
		{BEE73A73-0BD7-4EF8-8F90-7D22AD0CA57F}.Debug|Any CPU.Build.0 = Debug|Any CPU
		{BEE73A73-0BD7-4EF8-8F90-7D22AD0CA57F}.Debug|ARM.ActiveCfg = Debug|Any CPU
		{BEE73A73-0BD7-4EF8-8F90-7D22AD0CA57F}.Debug|ARM.Build.0 = Debug|Any CPU
		{BEE73A73-0BD7-4EF8-8F90-7D22AD0CA57F}.Debug|x64.ActiveCfg = Debug|Any CPU
		{BEE73A73-0BD7-4EF8-8F90-7D22AD0CA57F}.Debug|x64.Build.0 = Debug|Any CPU
		{BEE73A73-0BD7-4EF8-8F90-7D22AD0CA57F}.Debug|x86.ActiveCfg = Debug|Any CPU
		{BEE73A73-0BD7-4EF8-8F90-7D22AD0CA57F}.Debug|x86.Build.0 = Debug|Any CPU
		{BEE73A73-0BD7-4EF8-8F90-7D22AD0CA57F}.Release|Any CPU.ActiveCfg = Release|Any CPU
		{BEE73A73-0BD7-4EF8-8F90-7D22AD0CA57F}.Release|Any CPU.Build.0 = Release|Any CPU
		{BEE73A73-0BD7-4EF8-8F90-7D22AD0CA57F}.Release|ARM.ActiveCfg = Release|Any CPU
		{BEE73A73-0BD7-4EF8-8F90-7D22AD0CA57F}.Release|ARM.Build.0 = Release|Any CPU
		{BEE73A73-0BD7-4EF8-8F90-7D22AD0CA57F}.Release|x64.ActiveCfg = Release|Any CPU
		{BEE73A73-0BD7-4EF8-8F90-7D22AD0CA57F}.Release|x64.Build.0 = Release|Any CPU
		{BEE73A73-0BD7-4EF8-8F90-7D22AD0CA57F}.Release|x86.ActiveCfg = Release|Any CPU
		{BEE73A73-0BD7-4EF8-8F90-7D22AD0CA57F}.Release|x86.Build.0 = Release|Any CPU
		{4EDC65BB-AA97-4E72-9427-B3B5F9D25598}.Debug|Any CPU.ActiveCfg = Debug|Any CPU
		{4EDC65BB-AA97-4E72-9427-B3B5F9D25598}.Debug|Any CPU.Build.0 = Debug|Any CPU
		{4EDC65BB-AA97-4E72-9427-B3B5F9D25598}.Debug|ARM.ActiveCfg = Debug|Any CPU
		{4EDC65BB-AA97-4E72-9427-B3B5F9D25598}.Debug|ARM.Build.0 = Debug|Any CPU
		{4EDC65BB-AA97-4E72-9427-B3B5F9D25598}.Debug|x64.ActiveCfg = Debug|Any CPU
		{4EDC65BB-AA97-4E72-9427-B3B5F9D25598}.Debug|x64.Build.0 = Debug|Any CPU
		{4EDC65BB-AA97-4E72-9427-B3B5F9D25598}.Debug|x86.ActiveCfg = Debug|Any CPU
		{4EDC65BB-AA97-4E72-9427-B3B5F9D25598}.Debug|x86.Build.0 = Debug|Any CPU
		{4EDC65BB-AA97-4E72-9427-B3B5F9D25598}.Release|Any CPU.ActiveCfg = Release|Any CPU
		{4EDC65BB-AA97-4E72-9427-B3B5F9D25598}.Release|Any CPU.Build.0 = Release|Any CPU
		{4EDC65BB-AA97-4E72-9427-B3B5F9D25598}.Release|ARM.ActiveCfg = Release|Any CPU
		{4EDC65BB-AA97-4E72-9427-B3B5F9D25598}.Release|ARM.Build.0 = Release|Any CPU
		{4EDC65BB-AA97-4E72-9427-B3B5F9D25598}.Release|x64.ActiveCfg = Release|Any CPU
		{4EDC65BB-AA97-4E72-9427-B3B5F9D25598}.Release|x64.Build.0 = Release|Any CPU
		{4EDC65BB-AA97-4E72-9427-B3B5F9D25598}.Release|x86.ActiveCfg = Release|Any CPU
		{4EDC65BB-AA97-4E72-9427-B3B5F9D25598}.Release|x86.Build.0 = Release|Any CPU
		{A27E3B94-82B7-41A7-8A20-D40D1FA380C0}.Debug|Any CPU.ActiveCfg = Debug|Any CPU
		{A27E3B94-82B7-41A7-8A20-D40D1FA380C0}.Debug|Any CPU.Build.0 = Debug|Any CPU
		{A27E3B94-82B7-41A7-8A20-D40D1FA380C0}.Debug|ARM.ActiveCfg = Debug|Any CPU
		{A27E3B94-82B7-41A7-8A20-D40D1FA380C0}.Debug|ARM.Build.0 = Debug|Any CPU
		{A27E3B94-82B7-41A7-8A20-D40D1FA380C0}.Debug|x64.ActiveCfg = Debug|Any CPU
		{A27E3B94-82B7-41A7-8A20-D40D1FA380C0}.Debug|x64.Build.0 = Debug|Any CPU
		{A27E3B94-82B7-41A7-8A20-D40D1FA380C0}.Debug|x86.ActiveCfg = Debug|Any CPU
		{A27E3B94-82B7-41A7-8A20-D40D1FA380C0}.Debug|x86.Build.0 = Debug|Any CPU
		{A27E3B94-82B7-41A7-8A20-D40D1FA380C0}.Release|Any CPU.ActiveCfg = Release|Any CPU
		{A27E3B94-82B7-41A7-8A20-D40D1FA380C0}.Release|Any CPU.Build.0 = Release|Any CPU
		{A27E3B94-82B7-41A7-8A20-D40D1FA380C0}.Release|ARM.ActiveCfg = Release|Any CPU
		{A27E3B94-82B7-41A7-8A20-D40D1FA380C0}.Release|ARM.Build.0 = Release|Any CPU
		{A27E3B94-82B7-41A7-8A20-D40D1FA380C0}.Release|x64.ActiveCfg = Release|Any CPU
		{A27E3B94-82B7-41A7-8A20-D40D1FA380C0}.Release|x64.Build.0 = Release|Any CPU
		{A27E3B94-82B7-41A7-8A20-D40D1FA380C0}.Release|x86.ActiveCfg = Release|Any CPU
		{A27E3B94-82B7-41A7-8A20-D40D1FA380C0}.Release|x86.Build.0 = Release|Any CPU
		{A79C53E7-B191-4DBD-AD15-E3E7CF6E13DB}.Debug|Any CPU.ActiveCfg = Debug|Any CPU
		{A79C53E7-B191-4DBD-AD15-E3E7CF6E13DB}.Debug|Any CPU.Build.0 = Debug|Any CPU
		{A79C53E7-B191-4DBD-AD15-E3E7CF6E13DB}.Debug|ARM.ActiveCfg = Debug|Any CPU
		{A79C53E7-B191-4DBD-AD15-E3E7CF6E13DB}.Debug|ARM.Build.0 = Debug|Any CPU
		{A79C53E7-B191-4DBD-AD15-E3E7CF6E13DB}.Debug|x64.ActiveCfg = Debug|Any CPU
		{A79C53E7-B191-4DBD-AD15-E3E7CF6E13DB}.Debug|x64.Build.0 = Debug|Any CPU
		{A79C53E7-B191-4DBD-AD15-E3E7CF6E13DB}.Debug|x86.ActiveCfg = Debug|Any CPU
		{A79C53E7-B191-4DBD-AD15-E3E7CF6E13DB}.Debug|x86.Build.0 = Debug|Any CPU
		{A79C53E7-B191-4DBD-AD15-E3E7CF6E13DB}.Release|Any CPU.ActiveCfg = Release|Any CPU
		{A79C53E7-B191-4DBD-AD15-E3E7CF6E13DB}.Release|Any CPU.Build.0 = Release|Any CPU
		{A79C53E7-B191-4DBD-AD15-E3E7CF6E13DB}.Release|ARM.ActiveCfg = Release|Any CPU
		{A79C53E7-B191-4DBD-AD15-E3E7CF6E13DB}.Release|ARM.Build.0 = Release|Any CPU
		{A79C53E7-B191-4DBD-AD15-E3E7CF6E13DB}.Release|x64.ActiveCfg = Release|Any CPU
		{A79C53E7-B191-4DBD-AD15-E3E7CF6E13DB}.Release|x64.Build.0 = Release|Any CPU
		{A79C53E7-B191-4DBD-AD15-E3E7CF6E13DB}.Release|x86.ActiveCfg = Release|Any CPU
		{A79C53E7-B191-4DBD-AD15-E3E7CF6E13DB}.Release|x86.Build.0 = Release|Any CPU
		{67988C5A-E33C-4811-A316-69416EED5FBD}.Debug|Any CPU.ActiveCfg = Debug|Any CPU
		{67988C5A-E33C-4811-A316-69416EED5FBD}.Debug|Any CPU.Build.0 = Debug|Any CPU
		{67988C5A-E33C-4811-A316-69416EED5FBD}.Debug|ARM.ActiveCfg = Debug|Any CPU
		{67988C5A-E33C-4811-A316-69416EED5FBD}.Debug|ARM.Build.0 = Debug|Any CPU
		{67988C5A-E33C-4811-A316-69416EED5FBD}.Debug|x64.ActiveCfg = Debug|Any CPU
		{67988C5A-E33C-4811-A316-69416EED5FBD}.Debug|x64.Build.0 = Debug|Any CPU
		{67988C5A-E33C-4811-A316-69416EED5FBD}.Debug|x86.ActiveCfg = Debug|Any CPU
		{67988C5A-E33C-4811-A316-69416EED5FBD}.Debug|x86.Build.0 = Debug|Any CPU
		{67988C5A-E33C-4811-A316-69416EED5FBD}.Release|Any CPU.ActiveCfg = Release|Any CPU
		{67988C5A-E33C-4811-A316-69416EED5FBD}.Release|Any CPU.Build.0 = Release|Any CPU
		{67988C5A-E33C-4811-A316-69416EED5FBD}.Release|ARM.ActiveCfg = Release|Any CPU
		{67988C5A-E33C-4811-A316-69416EED5FBD}.Release|ARM.Build.0 = Release|Any CPU
		{67988C5A-E33C-4811-A316-69416EED5FBD}.Release|x64.ActiveCfg = Release|Any CPU
		{67988C5A-E33C-4811-A316-69416EED5FBD}.Release|x64.Build.0 = Release|Any CPU
		{67988C5A-E33C-4811-A316-69416EED5FBD}.Release|x86.ActiveCfg = Release|Any CPU
		{67988C5A-E33C-4811-A316-69416EED5FBD}.Release|x86.Build.0 = Release|Any CPU
		{BD84FE5E-E551-4721-9F53-EDD1D3EF9E34}.Debug|Any CPU.ActiveCfg = Debug|Any CPU
		{BD84FE5E-E551-4721-9F53-EDD1D3EF9E34}.Debug|Any CPU.Build.0 = Debug|Any CPU
		{BD84FE5E-E551-4721-9F53-EDD1D3EF9E34}.Debug|ARM.ActiveCfg = Debug|Any CPU
		{BD84FE5E-E551-4721-9F53-EDD1D3EF9E34}.Debug|ARM.Build.0 = Debug|Any CPU
		{BD84FE5E-E551-4721-9F53-EDD1D3EF9E34}.Debug|x64.ActiveCfg = Debug|Any CPU
		{BD84FE5E-E551-4721-9F53-EDD1D3EF9E34}.Debug|x64.Build.0 = Debug|Any CPU
		{BD84FE5E-E551-4721-9F53-EDD1D3EF9E34}.Debug|x86.ActiveCfg = Debug|Any CPU
		{BD84FE5E-E551-4721-9F53-EDD1D3EF9E34}.Debug|x86.Build.0 = Debug|Any CPU
		{BD84FE5E-E551-4721-9F53-EDD1D3EF9E34}.Release|Any CPU.ActiveCfg = Release|Any CPU
		{BD84FE5E-E551-4721-9F53-EDD1D3EF9E34}.Release|Any CPU.Build.0 = Release|Any CPU
		{BD84FE5E-E551-4721-9F53-EDD1D3EF9E34}.Release|ARM.ActiveCfg = Release|Any CPU
		{BD84FE5E-E551-4721-9F53-EDD1D3EF9E34}.Release|ARM.Build.0 = Release|Any CPU
		{BD84FE5E-E551-4721-9F53-EDD1D3EF9E34}.Release|x64.ActiveCfg = Release|Any CPU
		{BD84FE5E-E551-4721-9F53-EDD1D3EF9E34}.Release|x64.Build.0 = Release|Any CPU
		{BD84FE5E-E551-4721-9F53-EDD1D3EF9E34}.Release|x86.ActiveCfg = Release|Any CPU
		{BD84FE5E-E551-4721-9F53-EDD1D3EF9E34}.Release|x86.Build.0 = Release|Any CPU
		{BFDE1694-7184-46CD-BD6A-9CBDC0D5BB04}.Debug|Any CPU.ActiveCfg = Debug|Any CPU
		{BFDE1694-7184-46CD-BD6A-9CBDC0D5BB04}.Debug|Any CPU.Build.0 = Debug|Any CPU
		{BFDE1694-7184-46CD-BD6A-9CBDC0D5BB04}.Debug|ARM.ActiveCfg = Debug|Any CPU
		{BFDE1694-7184-46CD-BD6A-9CBDC0D5BB04}.Debug|ARM.Build.0 = Debug|Any CPU
		{BFDE1694-7184-46CD-BD6A-9CBDC0D5BB04}.Debug|x64.ActiveCfg = Debug|Any CPU
		{BFDE1694-7184-46CD-BD6A-9CBDC0D5BB04}.Debug|x64.Build.0 = Debug|Any CPU
		{BFDE1694-7184-46CD-BD6A-9CBDC0D5BB04}.Debug|x86.ActiveCfg = Debug|Any CPU
		{BFDE1694-7184-46CD-BD6A-9CBDC0D5BB04}.Debug|x86.Build.0 = Debug|Any CPU
		{BFDE1694-7184-46CD-BD6A-9CBDC0D5BB04}.Release|Any CPU.ActiveCfg = Release|Any CPU
		{BFDE1694-7184-46CD-BD6A-9CBDC0D5BB04}.Release|Any CPU.Build.0 = Release|Any CPU
		{BFDE1694-7184-46CD-BD6A-9CBDC0D5BB04}.Release|ARM.ActiveCfg = Release|Any CPU
		{BFDE1694-7184-46CD-BD6A-9CBDC0D5BB04}.Release|ARM.Build.0 = Release|Any CPU
		{BFDE1694-7184-46CD-BD6A-9CBDC0D5BB04}.Release|x64.ActiveCfg = Release|Any CPU
		{BFDE1694-7184-46CD-BD6A-9CBDC0D5BB04}.Release|x64.Build.0 = Release|Any CPU
		{BFDE1694-7184-46CD-BD6A-9CBDC0D5BB04}.Release|x86.ActiveCfg = Release|Any CPU
		{BFDE1694-7184-46CD-BD6A-9CBDC0D5BB04}.Release|x86.Build.0 = Release|Any CPU
		{D6AEB44A-4E98-483F-87A1-2BA91599D8C6}.Debug|Any CPU.ActiveCfg = Debug|Any CPU
		{D6AEB44A-4E98-483F-87A1-2BA91599D8C6}.Debug|Any CPU.Build.0 = Debug|Any CPU
		{D6AEB44A-4E98-483F-87A1-2BA91599D8C6}.Debug|ARM.ActiveCfg = Debug|Any CPU
		{D6AEB44A-4E98-483F-87A1-2BA91599D8C6}.Debug|ARM.Build.0 = Debug|Any CPU
		{D6AEB44A-4E98-483F-87A1-2BA91599D8C6}.Debug|x64.ActiveCfg = Debug|Any CPU
		{D6AEB44A-4E98-483F-87A1-2BA91599D8C6}.Debug|x64.Build.0 = Debug|Any CPU
		{D6AEB44A-4E98-483F-87A1-2BA91599D8C6}.Debug|x86.ActiveCfg = Debug|Any CPU
		{D6AEB44A-4E98-483F-87A1-2BA91599D8C6}.Debug|x86.Build.0 = Debug|Any CPU
		{D6AEB44A-4E98-483F-87A1-2BA91599D8C6}.Release|Any CPU.ActiveCfg = Release|Any CPU
		{D6AEB44A-4E98-483F-87A1-2BA91599D8C6}.Release|Any CPU.Build.0 = Release|Any CPU
		{D6AEB44A-4E98-483F-87A1-2BA91599D8C6}.Release|ARM.ActiveCfg = Release|Any CPU
		{D6AEB44A-4E98-483F-87A1-2BA91599D8C6}.Release|ARM.Build.0 = Release|Any CPU
		{D6AEB44A-4E98-483F-87A1-2BA91599D8C6}.Release|x64.ActiveCfg = Release|Any CPU
		{D6AEB44A-4E98-483F-87A1-2BA91599D8C6}.Release|x64.Build.0 = Release|Any CPU
		{D6AEB44A-4E98-483F-87A1-2BA91599D8C6}.Release|x86.ActiveCfg = Release|Any CPU
		{D6AEB44A-4E98-483F-87A1-2BA91599D8C6}.Release|x86.Build.0 = Release|Any CPU
		{130E07C6-6278-45BC-B6AA-90937E2264C2}.Debug|Any CPU.ActiveCfg = Debug|Any CPU
		{130E07C6-6278-45BC-B6AA-90937E2264C2}.Debug|Any CPU.Build.0 = Debug|Any CPU
		{130E07C6-6278-45BC-B6AA-90937E2264C2}.Debug|ARM.ActiveCfg = Debug|Any CPU
		{130E07C6-6278-45BC-B6AA-90937E2264C2}.Debug|ARM.Build.0 = Debug|Any CPU
		{130E07C6-6278-45BC-B6AA-90937E2264C2}.Debug|x64.ActiveCfg = Debug|Any CPU
		{130E07C6-6278-45BC-B6AA-90937E2264C2}.Debug|x64.Build.0 = Debug|Any CPU
		{130E07C6-6278-45BC-B6AA-90937E2264C2}.Debug|x86.ActiveCfg = Debug|Any CPU
		{130E07C6-6278-45BC-B6AA-90937E2264C2}.Debug|x86.Build.0 = Debug|Any CPU
		{130E07C6-6278-45BC-B6AA-90937E2264C2}.Release|Any CPU.ActiveCfg = Release|Any CPU
		{130E07C6-6278-45BC-B6AA-90937E2264C2}.Release|Any CPU.Build.0 = Release|Any CPU
		{130E07C6-6278-45BC-B6AA-90937E2264C2}.Release|ARM.ActiveCfg = Release|Any CPU
		{130E07C6-6278-45BC-B6AA-90937E2264C2}.Release|ARM.Build.0 = Release|Any CPU
		{130E07C6-6278-45BC-B6AA-90937E2264C2}.Release|x64.ActiveCfg = Release|Any CPU
		{130E07C6-6278-45BC-B6AA-90937E2264C2}.Release|x64.Build.0 = Release|Any CPU
		{130E07C6-6278-45BC-B6AA-90937E2264C2}.Release|x86.ActiveCfg = Release|Any CPU
		{130E07C6-6278-45BC-B6AA-90937E2264C2}.Release|x86.Build.0 = Release|Any CPU
		{FC9AEAD9-4BE3-46EC-82D4-F19B88BE3A94}.Debug|Any CPU.ActiveCfg = Debug|Any CPU
		{FC9AEAD9-4BE3-46EC-82D4-F19B88BE3A94}.Debug|Any CPU.Build.0 = Debug|Any CPU
		{FC9AEAD9-4BE3-46EC-82D4-F19B88BE3A94}.Debug|ARM.ActiveCfg = Debug|Any CPU
		{FC9AEAD9-4BE3-46EC-82D4-F19B88BE3A94}.Debug|ARM.Build.0 = Debug|Any CPU
		{FC9AEAD9-4BE3-46EC-82D4-F19B88BE3A94}.Debug|x64.ActiveCfg = Debug|Any CPU
		{FC9AEAD9-4BE3-46EC-82D4-F19B88BE3A94}.Debug|x64.Build.0 = Debug|Any CPU
		{FC9AEAD9-4BE3-46EC-82D4-F19B88BE3A94}.Debug|x86.ActiveCfg = Debug|Any CPU
		{FC9AEAD9-4BE3-46EC-82D4-F19B88BE3A94}.Debug|x86.Build.0 = Debug|Any CPU
		{FC9AEAD9-4BE3-46EC-82D4-F19B88BE3A94}.Release|Any CPU.ActiveCfg = Release|Any CPU
		{FC9AEAD9-4BE3-46EC-82D4-F19B88BE3A94}.Release|Any CPU.Build.0 = Release|Any CPU
		{FC9AEAD9-4BE3-46EC-82D4-F19B88BE3A94}.Release|ARM.ActiveCfg = Release|Any CPU
		{FC9AEAD9-4BE3-46EC-82D4-F19B88BE3A94}.Release|ARM.Build.0 = Release|Any CPU
		{FC9AEAD9-4BE3-46EC-82D4-F19B88BE3A94}.Release|x64.ActiveCfg = Release|Any CPU
		{FC9AEAD9-4BE3-46EC-82D4-F19B88BE3A94}.Release|x64.Build.0 = Release|Any CPU
		{FC9AEAD9-4BE3-46EC-82D4-F19B88BE3A94}.Release|x86.ActiveCfg = Release|Any CPU
		{FC9AEAD9-4BE3-46EC-82D4-F19B88BE3A94}.Release|x86.Build.0 = Release|Any CPU
		{A1BD551D-A4C6-4ED1-ACF4-399A7E57BEFC}.Debug|Any CPU.ActiveCfg = Debug|Any CPU
		{A1BD551D-A4C6-4ED1-ACF4-399A7E57BEFC}.Debug|Any CPU.Build.0 = Debug|Any CPU
		{A1BD551D-A4C6-4ED1-ACF4-399A7E57BEFC}.Debug|ARM.ActiveCfg = Debug|Any CPU
		{A1BD551D-A4C6-4ED1-ACF4-399A7E57BEFC}.Debug|ARM.Build.0 = Debug|Any CPU
		{A1BD551D-A4C6-4ED1-ACF4-399A7E57BEFC}.Debug|x64.ActiveCfg = Debug|Any CPU
		{A1BD551D-A4C6-4ED1-ACF4-399A7E57BEFC}.Debug|x64.Build.0 = Debug|Any CPU
		{A1BD551D-A4C6-4ED1-ACF4-399A7E57BEFC}.Debug|x86.ActiveCfg = Debug|Any CPU
		{A1BD551D-A4C6-4ED1-ACF4-399A7E57BEFC}.Debug|x86.Build.0 = Debug|Any CPU
		{A1BD551D-A4C6-4ED1-ACF4-399A7E57BEFC}.Release|Any CPU.ActiveCfg = Release|Any CPU
		{A1BD551D-A4C6-4ED1-ACF4-399A7E57BEFC}.Release|Any CPU.Build.0 = Release|Any CPU
		{A1BD551D-A4C6-4ED1-ACF4-399A7E57BEFC}.Release|ARM.ActiveCfg = Release|Any CPU
		{A1BD551D-A4C6-4ED1-ACF4-399A7E57BEFC}.Release|ARM.Build.0 = Release|Any CPU
		{A1BD551D-A4C6-4ED1-ACF4-399A7E57BEFC}.Release|x64.ActiveCfg = Release|Any CPU
		{A1BD551D-A4C6-4ED1-ACF4-399A7E57BEFC}.Release|x64.Build.0 = Release|Any CPU
		{A1BD551D-A4C6-4ED1-ACF4-399A7E57BEFC}.Release|x86.ActiveCfg = Release|Any CPU
		{A1BD551D-A4C6-4ED1-ACF4-399A7E57BEFC}.Release|x86.Build.0 = Release|Any CPU
		{4ABAB838-5B4E-486D-A0A0-4AD3D444558A}.Debug|Any CPU.ActiveCfg = Debug|Any CPU
		{4ABAB838-5B4E-486D-A0A0-4AD3D444558A}.Debug|Any CPU.Build.0 = Debug|Any CPU
		{4ABAB838-5B4E-486D-A0A0-4AD3D444558A}.Debug|ARM.ActiveCfg = Debug|Any CPU
		{4ABAB838-5B4E-486D-A0A0-4AD3D444558A}.Debug|ARM.Build.0 = Debug|Any CPU
		{4ABAB838-5B4E-486D-A0A0-4AD3D444558A}.Debug|x64.ActiveCfg = Debug|Any CPU
		{4ABAB838-5B4E-486D-A0A0-4AD3D444558A}.Debug|x64.Build.0 = Debug|Any CPU
		{4ABAB838-5B4E-486D-A0A0-4AD3D444558A}.Debug|x86.ActiveCfg = Debug|Any CPU
		{4ABAB838-5B4E-486D-A0A0-4AD3D444558A}.Debug|x86.Build.0 = Debug|Any CPU
		{4ABAB838-5B4E-486D-A0A0-4AD3D444558A}.Release|Any CPU.ActiveCfg = Release|Any CPU
		{4ABAB838-5B4E-486D-A0A0-4AD3D444558A}.Release|Any CPU.Build.0 = Release|Any CPU
		{4ABAB838-5B4E-486D-A0A0-4AD3D444558A}.Release|ARM.ActiveCfg = Release|Any CPU
		{4ABAB838-5B4E-486D-A0A0-4AD3D444558A}.Release|ARM.Build.0 = Release|Any CPU
		{4ABAB838-5B4E-486D-A0A0-4AD3D444558A}.Release|x64.ActiveCfg = Release|Any CPU
		{4ABAB838-5B4E-486D-A0A0-4AD3D444558A}.Release|x64.Build.0 = Release|Any CPU
		{4ABAB838-5B4E-486D-A0A0-4AD3D444558A}.Release|x86.ActiveCfg = Release|Any CPU
		{4ABAB838-5B4E-486D-A0A0-4AD3D444558A}.Release|x86.Build.0 = Release|Any CPU
		{FA840AF6-F8F5-4099-A889-B5476AD60600}.Debug|Any CPU.ActiveCfg = Debug|Any CPU
		{FA840AF6-F8F5-4099-A889-B5476AD60600}.Debug|Any CPU.Build.0 = Debug|Any CPU
		{FA840AF6-F8F5-4099-A889-B5476AD60600}.Debug|ARM.ActiveCfg = Debug|Any CPU
		{FA840AF6-F8F5-4099-A889-B5476AD60600}.Debug|ARM.Build.0 = Debug|Any CPU
		{FA840AF6-F8F5-4099-A889-B5476AD60600}.Debug|x64.ActiveCfg = Debug|Any CPU
		{FA840AF6-F8F5-4099-A889-B5476AD60600}.Debug|x64.Build.0 = Debug|Any CPU
		{FA840AF6-F8F5-4099-A889-B5476AD60600}.Debug|x86.ActiveCfg = Debug|Any CPU
		{FA840AF6-F8F5-4099-A889-B5476AD60600}.Debug|x86.Build.0 = Debug|Any CPU
		{FA840AF6-F8F5-4099-A889-B5476AD60600}.Release|Any CPU.ActiveCfg = Release|Any CPU
		{FA840AF6-F8F5-4099-A889-B5476AD60600}.Release|Any CPU.Build.0 = Release|Any CPU
		{FA840AF6-F8F5-4099-A889-B5476AD60600}.Release|ARM.ActiveCfg = Release|Any CPU
		{FA840AF6-F8F5-4099-A889-B5476AD60600}.Release|ARM.Build.0 = Release|Any CPU
		{FA840AF6-F8F5-4099-A889-B5476AD60600}.Release|x64.ActiveCfg = Release|Any CPU
		{FA840AF6-F8F5-4099-A889-B5476AD60600}.Release|x64.Build.0 = Release|Any CPU
		{FA840AF6-F8F5-4099-A889-B5476AD60600}.Release|x86.ActiveCfg = Release|Any CPU
		{FA840AF6-F8F5-4099-A889-B5476AD60600}.Release|x86.Build.0 = Release|Any CPU
		{3EA25F9D-2CE7-45A5-9D92-AA6D717EEE43}.Debug|Any CPU.ActiveCfg = Debug|Any CPU
		{3EA25F9D-2CE7-45A5-9D92-AA6D717EEE43}.Debug|Any CPU.Build.0 = Debug|Any CPU
		{3EA25F9D-2CE7-45A5-9D92-AA6D717EEE43}.Debug|ARM.ActiveCfg = Debug|Any CPU
		{3EA25F9D-2CE7-45A5-9D92-AA6D717EEE43}.Debug|ARM.Build.0 = Debug|Any CPU
		{3EA25F9D-2CE7-45A5-9D92-AA6D717EEE43}.Debug|x64.ActiveCfg = Debug|Any CPU
		{3EA25F9D-2CE7-45A5-9D92-AA6D717EEE43}.Debug|x64.Build.0 = Debug|Any CPU
		{3EA25F9D-2CE7-45A5-9D92-AA6D717EEE43}.Debug|x86.ActiveCfg = Debug|Any CPU
		{3EA25F9D-2CE7-45A5-9D92-AA6D717EEE43}.Debug|x86.Build.0 = Debug|Any CPU
		{3EA25F9D-2CE7-45A5-9D92-AA6D717EEE43}.Release|Any CPU.ActiveCfg = Release|Any CPU
		{3EA25F9D-2CE7-45A5-9D92-AA6D717EEE43}.Release|Any CPU.Build.0 = Release|Any CPU
		{3EA25F9D-2CE7-45A5-9D92-AA6D717EEE43}.Release|ARM.ActiveCfg = Release|Any CPU
		{3EA25F9D-2CE7-45A5-9D92-AA6D717EEE43}.Release|ARM.Build.0 = Release|Any CPU
		{3EA25F9D-2CE7-45A5-9D92-AA6D717EEE43}.Release|x64.ActiveCfg = Release|Any CPU
		{3EA25F9D-2CE7-45A5-9D92-AA6D717EEE43}.Release|x64.Build.0 = Release|Any CPU
		{3EA25F9D-2CE7-45A5-9D92-AA6D717EEE43}.Release|x86.ActiveCfg = Release|Any CPU
		{3EA25F9D-2CE7-45A5-9D92-AA6D717EEE43}.Release|x86.Build.0 = Release|Any CPU
		{1EB64E37-A23D-4631-8012-317AED2EB6DA}.Debug|Any CPU.ActiveCfg = Debug|Any CPU
		{1EB64E37-A23D-4631-8012-317AED2EB6DA}.Debug|Any CPU.Build.0 = Debug|Any CPU
		{1EB64E37-A23D-4631-8012-317AED2EB6DA}.Debug|ARM.ActiveCfg = Debug|Any CPU
		{1EB64E37-A23D-4631-8012-317AED2EB6DA}.Debug|ARM.Build.0 = Debug|Any CPU
		{1EB64E37-A23D-4631-8012-317AED2EB6DA}.Debug|x64.ActiveCfg = Debug|Any CPU
		{1EB64E37-A23D-4631-8012-317AED2EB6DA}.Debug|x64.Build.0 = Debug|Any CPU
		{1EB64E37-A23D-4631-8012-317AED2EB6DA}.Debug|x86.ActiveCfg = Debug|Any CPU
		{1EB64E37-A23D-4631-8012-317AED2EB6DA}.Debug|x86.Build.0 = Debug|Any CPU
		{1EB64E37-A23D-4631-8012-317AED2EB6DA}.Release|Any CPU.ActiveCfg = Release|Any CPU
		{1EB64E37-A23D-4631-8012-317AED2EB6DA}.Release|Any CPU.Build.0 = Release|Any CPU
		{1EB64E37-A23D-4631-8012-317AED2EB6DA}.Release|ARM.ActiveCfg = Release|Any CPU
		{1EB64E37-A23D-4631-8012-317AED2EB6DA}.Release|ARM.Build.0 = Release|Any CPU
		{1EB64E37-A23D-4631-8012-317AED2EB6DA}.Release|x64.ActiveCfg = Release|Any CPU
		{1EB64E37-A23D-4631-8012-317AED2EB6DA}.Release|x64.Build.0 = Release|Any CPU
		{1EB64E37-A23D-4631-8012-317AED2EB6DA}.Release|x86.ActiveCfg = Release|Any CPU
		{1EB64E37-A23D-4631-8012-317AED2EB6DA}.Release|x86.Build.0 = Release|Any CPU
		{E25F1760-A784-4EAE-8DD8-70B11D6E28FD}.Debug|Any CPU.ActiveCfg = Debug|Any CPU
		{E25F1760-A784-4EAE-8DD8-70B11D6E28FD}.Debug|Any CPU.Build.0 = Debug|Any CPU
		{E25F1760-A784-4EAE-8DD8-70B11D6E28FD}.Debug|ARM.ActiveCfg = Debug|Any CPU
		{E25F1760-A784-4EAE-8DD8-70B11D6E28FD}.Debug|ARM.Build.0 = Debug|Any CPU
		{E25F1760-A784-4EAE-8DD8-70B11D6E28FD}.Debug|x64.ActiveCfg = Debug|Any CPU
		{E25F1760-A784-4EAE-8DD8-70B11D6E28FD}.Debug|x64.Build.0 = Debug|Any CPU
		{E25F1760-A784-4EAE-8DD8-70B11D6E28FD}.Debug|x86.ActiveCfg = Debug|Any CPU
		{E25F1760-A784-4EAE-8DD8-70B11D6E28FD}.Debug|x86.Build.0 = Debug|Any CPU
		{E25F1760-A784-4EAE-8DD8-70B11D6E28FD}.Release|Any CPU.ActiveCfg = Release|Any CPU
		{E25F1760-A784-4EAE-8DD8-70B11D6E28FD}.Release|Any CPU.Build.0 = Release|Any CPU
		{E25F1760-A784-4EAE-8DD8-70B11D6E28FD}.Release|ARM.ActiveCfg = Release|Any CPU
		{E25F1760-A784-4EAE-8DD8-70B11D6E28FD}.Release|ARM.Build.0 = Release|Any CPU
		{E25F1760-A784-4EAE-8DD8-70B11D6E28FD}.Release|x64.ActiveCfg = Release|Any CPU
		{E25F1760-A784-4EAE-8DD8-70B11D6E28FD}.Release|x64.Build.0 = Release|Any CPU
		{E25F1760-A784-4EAE-8DD8-70B11D6E28FD}.Release|x86.ActiveCfg = Release|Any CPU
		{E25F1760-A784-4EAE-8DD8-70B11D6E28FD}.Release|x86.Build.0 = Release|Any CPU
		{37A727A2-353C-42B5-B0EA-5D9F7B1FB76B}.Debug|Any CPU.ActiveCfg = Debug|Any CPU
		{37A727A2-353C-42B5-B0EA-5D9F7B1FB76B}.Debug|Any CPU.Build.0 = Debug|Any CPU
		{37A727A2-353C-42B5-B0EA-5D9F7B1FB76B}.Debug|ARM.ActiveCfg = Debug|Any CPU
		{37A727A2-353C-42B5-B0EA-5D9F7B1FB76B}.Debug|ARM.Build.0 = Debug|Any CPU
		{37A727A2-353C-42B5-B0EA-5D9F7B1FB76B}.Debug|x64.ActiveCfg = Debug|Any CPU
		{37A727A2-353C-42B5-B0EA-5D9F7B1FB76B}.Debug|x64.Build.0 = Debug|Any CPU
		{37A727A2-353C-42B5-B0EA-5D9F7B1FB76B}.Debug|x86.ActiveCfg = Debug|Any CPU
		{37A727A2-353C-42B5-B0EA-5D9F7B1FB76B}.Debug|x86.Build.0 = Debug|Any CPU
		{37A727A2-353C-42B5-B0EA-5D9F7B1FB76B}.Release|Any CPU.ActiveCfg = Release|Any CPU
		{37A727A2-353C-42B5-B0EA-5D9F7B1FB76B}.Release|Any CPU.Build.0 = Release|Any CPU
		{37A727A2-353C-42B5-B0EA-5D9F7B1FB76B}.Release|ARM.ActiveCfg = Release|Any CPU
		{37A727A2-353C-42B5-B0EA-5D9F7B1FB76B}.Release|ARM.Build.0 = Release|Any CPU
		{37A727A2-353C-42B5-B0EA-5D9F7B1FB76B}.Release|x64.ActiveCfg = Release|Any CPU
		{37A727A2-353C-42B5-B0EA-5D9F7B1FB76B}.Release|x64.Build.0 = Release|Any CPU
		{37A727A2-353C-42B5-B0EA-5D9F7B1FB76B}.Release|x86.ActiveCfg = Release|Any CPU
		{37A727A2-353C-42B5-B0EA-5D9F7B1FB76B}.Release|x86.Build.0 = Release|Any CPU
		{9C4E85DD-4672-4CFA-A69C-9308970BB6A0}.Debug|Any CPU.ActiveCfg = Debug|Any CPU
		{9C4E85DD-4672-4CFA-A69C-9308970BB6A0}.Debug|Any CPU.Build.0 = Debug|Any CPU
		{9C4E85DD-4672-4CFA-A69C-9308970BB6A0}.Debug|ARM.ActiveCfg = Debug|Any CPU
		{9C4E85DD-4672-4CFA-A69C-9308970BB6A0}.Debug|ARM.Build.0 = Debug|Any CPU
		{9C4E85DD-4672-4CFA-A69C-9308970BB6A0}.Debug|x64.ActiveCfg = Debug|Any CPU
		{9C4E85DD-4672-4CFA-A69C-9308970BB6A0}.Debug|x64.Build.0 = Debug|Any CPU
		{9C4E85DD-4672-4CFA-A69C-9308970BB6A0}.Debug|x86.ActiveCfg = Debug|Any CPU
		{9C4E85DD-4672-4CFA-A69C-9308970BB6A0}.Debug|x86.Build.0 = Debug|Any CPU
		{9C4E85DD-4672-4CFA-A69C-9308970BB6A0}.Release|Any CPU.ActiveCfg = Release|Any CPU
		{9C4E85DD-4672-4CFA-A69C-9308970BB6A0}.Release|Any CPU.Build.0 = Release|Any CPU
		{9C4E85DD-4672-4CFA-A69C-9308970BB6A0}.Release|ARM.ActiveCfg = Release|Any CPU
		{9C4E85DD-4672-4CFA-A69C-9308970BB6A0}.Release|ARM.Build.0 = Release|Any CPU
		{9C4E85DD-4672-4CFA-A69C-9308970BB6A0}.Release|x64.ActiveCfg = Release|Any CPU
		{9C4E85DD-4672-4CFA-A69C-9308970BB6A0}.Release|x64.Build.0 = Release|Any CPU
		{9C4E85DD-4672-4CFA-A69C-9308970BB6A0}.Release|x86.ActiveCfg = Release|Any CPU
		{9C4E85DD-4672-4CFA-A69C-9308970BB6A0}.Release|x86.Build.0 = Release|Any CPU
	EndGlobalSection
	GlobalSection(SolutionProperties) = preSolution
		HideSolutionNode = FALSE
	EndGlobalSection
	GlobalSection(NestedProjects) = preSolution
		{B65120BD-626F-4696-9A00-BF82D4EB35A9} = {18627F70-7F7E-47BB-8E49-FA0F4A1C182C}
		{6E682A14-C872-4813-B620-76E108DEA683} = {DB268E05-7978-4A04-A33A-59C23506A730}
		{F68A1D19-93FB-47C1-A22B-42BEA3E4FD8C} = {DB268E05-7978-4A04-A33A-59C23506A730}
		{96608CDD-C8BD-407B-8C18-6A242350337D} = {DB268E05-7978-4A04-A33A-59C23506A730}
		{6979A1CE-1A76-4E5E-91AA-E06B97A88CC0} = {B65120BD-626F-4696-9A00-BF82D4EB35A9}
		{C2A6EEE4-9659-4C48-91AE-2C3D5694505E} = {DEFDBC4E-422D-44F1-BE2E-ABDA5217AD1D}
		{881F30ED-5824-4C0E-A82B-E010D07BBAC9} = {18627F70-7F7E-47BB-8E49-FA0F4A1C182C}
		{B83A68D7-E702-4EDF-BEA7-843E5E318159} = {881F30ED-5824-4C0E-A82B-E010D07BBAC9}
		{D8A216AC-8FA5-4C91-A52A-7CE87BBD51FB} = {881F30ED-5824-4C0E-A82B-E010D07BBAC9}
		{BEE73A73-0BD7-4EF8-8F90-7D22AD0CA57F} = {881F30ED-5824-4C0E-A82B-E010D07BBAC9}
		{A27E3B94-82B7-41A7-8A20-D40D1FA380C0} = {B65120BD-626F-4696-9A00-BF82D4EB35A9}
		{BD84FE5E-E551-4721-9F53-EDD1D3EF9E34} = {B65120BD-626F-4696-9A00-BF82D4EB35A9}
		{FA840AF6-F8F5-4099-A889-B5476AD60600} = {DEFDBC4E-422D-44F1-BE2E-ABDA5217AD1D}
		{E25F1760-A784-4EAE-8DD8-70B11D6E28FD} = {881F30ED-5824-4C0E-A82B-E010D07BBAC9}
		{9C4E85DD-4672-4CFA-A69C-9308970BB6A0} = {18627F70-7F7E-47BB-8E49-FA0F4A1C182C}
	EndGlobalSection
	GlobalSection(ExtensibilityGlobals) = postSolution
		SolutionGuid = {D05E5223-F7EA-41FE-8050-1F426FD46C8D}
	EndGlobalSection
EndGlobal
